// !$*UTF8*$!
{
	archiveVersion = 1;
	classes = {
	};
	objectVersion = 54;
	objects = {

/* Begin PBXBuildFile section */
		00E356F31AD99517003FC87E /* RNTemplate3B2Tests.m in Sources */ = {isa = PBXBuildFile; fileRef = 00E356F21AD99517003FC87E /* RNTemplate3B2Tests.m */; };
		01B97A81C1AA43D7AD07F953 /* OpenSans-BoldItalic.ttf in Resources */ = {isa = PBXBuildFile; fileRef = 9FF5E0B95F7F43F399F14049 /* OpenSans-BoldItalic.ttf */; };
		041D36562AAA03DA0006DCB6 /* RCTCalendarModule.m in Sources */ = {isa = PBXBuildFile; fileRef = 041D36552AAA03DA0006DCB6 /* RCTCalendarModule.m */; };
		041D36572AAA03DA0006DCB6 /* RCTCalendarModule.m in Sources */ = {isa = PBXBuildFile; fileRef = 041D36552AAA03DA0006DCB6 /* RCTCalendarModule.m */; };
		041D36582AAA03DA0006DCB6 /* RCTCalendarModule.m in Sources */ = {isa = PBXBuildFile; fileRef = 041D36552AAA03DA0006DCB6 /* RCTCalendarModule.m */; };
		04F1BEA02A9F6C0C0035C09D /* AppDelegate.mm in Sources */ = {isa = PBXBuildFile; fileRef = 13B07FB01A68108700A75B9A /* AppDelegate.mm */; };
		04F1BEA12A9F6C0C0035C09D /* main.m in Sources */ = {isa = PBXBuildFile; fileRef = 13B07FB71A68108700A75B9A /* main.m */; };
		04F1BEA52A9F6C0C0035C09D /* LaunchScreen.storyboard in Resources */ = {isa = PBXBuildFile; fileRef = 81AB9BB72411601600AC10FF /* LaunchScreen.storyboard */; };
		04F1BEA62A9F6C0C0035C09D /* Images.xcassets in Resources */ = {isa = PBXBuildFile; fileRef = 13B07FB51A68108700A75B9A /* Images.xcassets */; };
		04F1BEB32A9F6C100035C09D /* AppDelegate.mm in Sources */ = {isa = PBXBuildFile; fileRef = 13B07FB01A68108700A75B9A /* AppDelegate.mm */; };
		04F1BEB42A9F6C100035C09D /* main.m in Sources */ = {isa = PBXBuildFile; fileRef = 13B07FB71A68108700A75B9A /* main.m */; };
		04F1BEB82A9F6C100035C09D /* LaunchScreen.storyboard in Resources */ = {isa = PBXBuildFile; fileRef = 81AB9BB72411601600AC10FF /* LaunchScreen.storyboard */; };
		04F1BEB92A9F6C100035C09D /* Images.xcassets in Resources */ = {isa = PBXBuildFile; fileRef = 13B07FB51A68108700A75B9A /* Images.xcassets */; };
		063695813EE14AD9A0700207 /* Poppins-ExtraBoldItalic.ttf in Resources */ = {isa = PBXBuildFile; fileRef = 0F23FD8C5CE44CB7BFD17373 /* Poppins-ExtraBoldItalic.ttf */; };
		0752A27D2A99495890DC1CAB /* Montserrat-Black.ttf in Resources */ = {isa = PBXBuildFile; fileRef = 920F24E628DC4B75977D0432 /* Montserrat-Black.ttf */; };
		07600C60E1D04E6A835AC16E /* opensans-condbold-webfont.ttf in Resources */ = {isa = PBXBuildFile; fileRef = 100CCF0B0FF446699EA8D687 /* opensans-condbold-webfont.ttf */; };
		113C0968629F4F99A2899767 /* Montserrat-BoldItalic.ttf in Resources */ = {isa = PBXBuildFile; fileRef = 59DB843550CC428185FE287D /* Montserrat-BoldItalic.ttf */; };
		13B07FBC1A68108700A75B9A /* AppDelegate.mm in Sources */ = {isa = PBXBuildFile; fileRef = 13B07FB01A68108700A75B9A /* AppDelegate.mm */; };
		13B07FBF1A68108700A75B9A /* Images.xcassets in Resources */ = {isa = PBXBuildFile; fileRef = 13B07FB51A68108700A75B9A /* Images.xcassets */; };
		13B07FC11A68108700A75B9A /* main.m in Sources */ = {isa = PBXBuildFile; fileRef = 13B07FB71A68108700A75B9A /* main.m */; };
		1A51538CC5D34536A24366EC /* Neris-SemiBold.otf in Resources */ = {isa = PBXBuildFile; fileRef = 6924C3A827A843DB9F3DA48A /* Neris-SemiBold.otf */; };
		1AAB8F26658545209D17D324 /* Montserrat-Medium.ttf in Resources */ = {isa = PBXBuildFile; fileRef = B05459BB061D44A58E9C1606 /* Montserrat-Medium.ttf */; };
		21DBEE4FD9DB4282A113B011 /* Montserrat-ThinItalic.ttf in Resources */ = {isa = PBXBuildFile; fileRef = 4D806ED3F6ED40D6885032D6 /* Montserrat-ThinItalic.ttf */; };
		25906FFED82440EAB7332EB7 /* Montserrat-LightItalic.ttf in Resources */ = {isa = PBXBuildFile; fileRef = 2D239F97DB4F401E9D4F022A /* Montserrat-LightItalic.ttf */; };
		29559F3C59A94593819757CD /* Montserrat-Light.ttf in Resources */ = {isa = PBXBuildFile; fileRef = 5AE57488F58E42B58AB01B20 /* Montserrat-Light.ttf */; };
		2E5958F605DBE9472EAFE429 /* libPods-RNTemplate3B2CommonPods-RNTemplate3B2Dev.a in Frameworks */ = {isa = PBXBuildFile; fileRef = A12244AAA582E0088C8272DF /* libPods-RNTemplate3B2CommonPods-RNTemplate3B2Dev.a */; };
		2F2790895DB44BC3AD2FAE28 /* Poppins-Regular.ttf in Resources */ = {isa = PBXBuildFile; fileRef = B9D1B76F763E40B4923E0993 /* Poppins-Regular.ttf */; };
		346398BF6B660863654431DF /* libPods-RNTemplate3B2CommonPods-RNTemplate3B2Tests.a in Frameworks */ = {isa = PBXBuildFile; fileRef = 664045F78DCE77F5D84BEFF9 /* libPods-RNTemplate3B2CommonPods-RNTemplate3B2Tests.a */; };
		35E8BB02698D4EE09ABA81F4 /* Neris-Light.otf in Resources */ = {isa = PBXBuildFile; fileRef = 8B505E2D7740489B807A8A74 /* Neris-Light.otf */; };
		36313EB42D7843A9A4A13FD9 /* OpenSans-Regular.ttf in Resources */ = {isa = PBXBuildFile; fileRef = 5AF4DE42AD62420AB5DC718D /* OpenSans-Regular.ttf */; };
		37F360B8F47942D198F5D807 /* Neris-Black.otf in Resources */ = {isa = PBXBuildFile; fileRef = 09E196A4CB294778B1E0959F /* Neris-Black.otf */; };
		393FE84B6AAE4357876F6051 /* Poppins-Italic.ttf in Resources */ = {isa = PBXBuildFile; fileRef = 88190486EE564EACB773468D /* Poppins-Italic.ttf */; };
		3C2B6606547F434294D599C6 /* OpenSans-Italic.ttf in Resources */ = {isa = PBXBuildFile; fileRef = 7C928B62988F4CEBAC9D9A73 /* OpenSans-Italic.ttf */; };
		3CDFCA62A9614802A13C0DF8 /* OpenSans-ExtraBoldItalic.ttf in Resources */ = {isa = PBXBuildFile; fileRef = 7EB28090B0AE4ADFA157C64D /* OpenSans-ExtraBoldItalic.ttf */; };
		3E507675A4444DDFA783EB0A /* Neris-SemiBoldItalic.otf in Resources */ = {isa = PBXBuildFile; fileRef = 5F5AE616B42D431B9F798AE9 /* Neris-SemiBoldItalic.otf */; };
		4B73A4E359674143BBB8ADA8 /* Neris-Thin.otf in Resources */ = {isa = PBXBuildFile; fileRef = C3645B9CC95544798CC84A0B /* Neris-Thin.otf */; };
		50ED6373E79E4A36BE166258 /* Poppins-Light.ttf in Resources */ = {isa = PBXBuildFile; fileRef = E544164296EF4F27BB6C1A71 /* Poppins-Light.ttf */; };
		5985C885EAFD4A139D943679 /* OpenSans-ExtraBold.ttf in Resources */ = {isa = PBXBuildFile; fileRef = 75FA0551FDBA4145AE80E31D /* OpenSans-ExtraBold.ttf */; };
		5B038E610AD34BB791D038EA /* Montserrat-Italic.ttf in Resources */ = {isa = PBXBuildFile; fileRef = 9BDF79D57F2E4EAEBDF9ECDB /* Montserrat-Italic.ttf */; };
		5F9B366E8752470B81D4F223 /* Poppins-ExtraLight.ttf in Resources */ = {isa = PBXBuildFile; fileRef = 9FE1BF28571B44A4BAFE16B7 /* Poppins-ExtraLight.ttf */; };
		61CBC299AA544B37AC991830 /* Neris-BoldItalic.otf in Resources */ = {isa = PBXBuildFile; fileRef = 1A53428F5E814E928736A1EF /* Neris-BoldItalic.otf */; };
		648958FB2DCA4F16B0636E7E /* Montserrat-Bold.ttf in Resources */ = {isa = PBXBuildFile; fileRef = 746C69D6C39D417890221003 /* Montserrat-Bold.ttf */; };
		6A66D04039694DE4BFBF7B32 /* Poppins-Medium.ttf in Resources */ = {isa = PBXBuildFile; fileRef = AF092BE24D5D49EBBAE96C1B /* Poppins-Medium.ttf */; };
		6AEA667F88F74A6C8065042D /* Montserrat-MediumItalic.ttf in Resources */ = {isa = PBXBuildFile; fileRef = 3DDF50A240B94DF1944FBE9C /* Montserrat-MediumItalic.ttf */; };
		6DD098F477524A49BA981791 /* Poppins-BoldItalic.ttf in Resources */ = {isa = PBXBuildFile; fileRef = 2F7707DFED7D4A19A2C93F9A /* Poppins-BoldItalic.ttf */; };
		709A58D753B40552E4A8C3FF /* libPods-RNTemplate3B2CommonPods-RNTemplate3B2Stg.a in Frameworks */ = {isa = PBXBuildFile; fileRef = 3912A856C5B718AE6A40C4A6 /* libPods-RNTemplate3B2CommonPods-RNTemplate3B2Stg.a */; };
		7257E66F21964BAAB047CBCD /* Poppins-BlackItalic.ttf in Resources */ = {isa = PBXBuildFile; fileRef = 865860F6A05E47E886AC625B /* Poppins-BlackItalic.ttf */; };
		76F38821E84648FE827F135D /* Montserrat-ExtraLightItalic.ttf in Resources */ = {isa = PBXBuildFile; fileRef = B31B7DEEC634457894266CD8 /* Montserrat-ExtraLightItalic.ttf */; };
		779AF616982C47DE84A9EFD1 /* Poppins-ExtraLightItalic.ttf in Resources */ = {isa = PBXBuildFile; fileRef = 03EAE9C5B2994D6FA667BFE1 /* Poppins-ExtraLightItalic.ttf */; };
		794A434AF30F40BCB109CBFC /* Montserrat-ExtraBoldItalic.ttf in Resources */ = {isa = PBXBuildFile; fileRef = ABBB27753E7D4C26A1F65C33 /* Montserrat-ExtraBoldItalic.ttf */; };
		813FEA9D4E0C4511906E26D4 /* OpenSans-Light.ttf in Resources */ = {isa = PBXBuildFile; fileRef = 5103950F72524BD6AD1D438F /* OpenSans-Light.ttf */; };
		81A69AAFE9C64CCBA575D01E /* Montserrat-Thin.ttf in Resources */ = {isa = PBXBuildFile; fileRef = 413C9BB7064F4A849B31CCB4 /* Montserrat-Thin.ttf */; };
		81AB9BB82411601600AC10FF /* LaunchScreen.storyboard in Resources */ = {isa = PBXBuildFile; fileRef = 81AB9BB72411601600AC10FF /* LaunchScreen.storyboard */; };
		81CEDDBB9B36408DB9A6E57E /* Montserrat-ExtraBold.ttf in Resources */ = {isa = PBXBuildFile; fileRef = 790E166D8F3941809B1D51C7 /* Montserrat-ExtraBold.ttf */; };
		86F4553EF2014881AC97EE27 /* Poppins-Bold.ttf in Resources */ = {isa = PBXBuildFile; fileRef = B153B79A18E140948692A428 /* Poppins-Bold.ttf */; };
		8BADC3F2CBA248CBBE68884C /* OpenSans-Semibold.ttf in Resources */ = {isa = PBXBuildFile; fileRef = 45C949D21D4B4403A4AF7DB9 /* OpenSans-Semibold.ttf */; };
		8E25C3C64414489385FA457B /* Montserrat-ExtraLight.ttf in Resources */ = {isa = PBXBuildFile; fileRef = CE40094622C041DC83DA3808 /* Montserrat-ExtraLight.ttf */; };
		99A3515BA2AD4095B728AA3F /* Neris-ThinItalic.otf in Resources */ = {isa = PBXBuildFile; fileRef = 6C5CF49605FE4D1594A15C11 /* Neris-ThinItalic.otf */; };
		A50BB40DFE65479796B30AB7 /* Neris-LightItalic.otf in Resources */ = {isa = PBXBuildFile; fileRef = B55EB78195C94A26AF76EA19 /* Neris-LightItalic.otf */; };
		AA2391C0EA864F57BB7C0229 /* Montserrat-Regular.ttf in Resources */ = {isa = PBXBuildFile; fileRef = 41F0742F2BC44BFD887B42C8 /* Montserrat-Regular.ttf */; };
		AD1477A603C245C4B148AD57 /* Poppins-Black.ttf in Resources */ = {isa = PBXBuildFile; fileRef = C7755179D1B54F0383FD1055 /* Poppins-Black.ttf */; };
		B5516B3F034A43878232E741 /* Poppins-MediumItalic.ttf in Resources */ = {isa = PBXBuildFile; fileRef = 5BBDEA46127046708E638952 /* Poppins-MediumItalic.ttf */; };
		BEA762337D91465AA1E25FAB /* OpenSans-Bold.ttf in Resources */ = {isa = PBXBuildFile; fileRef = B6F3956301834BEBABE51302 /* OpenSans-Bold.ttf */; };
		BFC857516BD94FF3A6648F34 /* Poppins-ExtraBold.ttf in Resources */ = {isa = PBXBuildFile; fileRef = F2FC15D3B8914467AA5C2BBD /* Poppins-ExtraBold.ttf */; };
		C1A98843BF9A419D9521BB16 /* Poppins-Thin.ttf in Resources */ = {isa = PBXBuildFile; fileRef = 6CF430368D204B548848B53F /* Poppins-Thin.ttf */; };
		C428734544CD4D62A681DECB /* Poppins-SemiBold.ttf in Resources */ = {isa = PBXBuildFile; fileRef = F1545CE9106E4EBF88338D26 /* Poppins-SemiBold.ttf */; };
		CA0C8542CD524E57904FDE6E /* Poppins-LightItalic.ttf in Resources */ = {isa = PBXBuildFile; fileRef = 2F79F80372D24457A2477A54 /* Poppins-LightItalic.ttf */; };
		D10C2965935C47F2A6D3BC95 /* Montserrat-BlackItalic.ttf in Resources */ = {isa = PBXBuildFile; fileRef = E9F8600A57F444359F410FC5 /* Montserrat-BlackItalic.ttf */; };
		D1DE324D14BB40498C799D69 /* Karbon.ttf in Resources */ = {isa = PBXBuildFile; fileRef = 21AEEB6519DC4DFFB4108388 /* Karbon.ttf */; };
		D6D70382EF2F74D9FB091CE1 /* libPods-RNTemplate3B2CommonPods-RNTemplate3B2.a in Frameworks */ = {isa = PBXBuildFile; fileRef = ACEA7271CD76C2EBE9E81276 /* libPods-RNTemplate3B2CommonPods-RNTemplate3B2.a */; };
		DBDDDF2CF5774B2EBDFC7B56 /* Poppins-ThinItalic.ttf in Resources */ = {isa = PBXBuildFile; fileRef = 02645292DF67430AB9F40E5B /* Poppins-ThinItalic.ttf */; };
		DE78EE3E95A848908E1350F3 /* Schoolbell-pMMy.ttf in Resources */ = {isa = PBXBuildFile; fileRef = 38F262C05D034F2C9C296788 /* Schoolbell-pMMy.ttf */; };
		E2A6C6985DE0491C9E81D6A2 /* Poppins-SemiBoldItalic.ttf in Resources */ = {isa = PBXBuildFile; fileRef = 4903CA5AE13342A0BC1B3CA7 /* Poppins-SemiBoldItalic.ttf */; };
		E2C0857A881E49C9A0B7430A /* OpenSans-CondLight.ttf in Resources */ = {isa = PBXBuildFile; fileRef = CB5C2EB04DBB4BE79102B1D5 /* OpenSans-CondLight.ttf */; };
		EAE18EE5CB95421A8260E416 /* Montserrat-SemiBold.ttf in Resources */ = {isa = PBXBuildFile; fileRef = C6AF15BBC820424185849994 /* Montserrat-SemiBold.ttf */; };
		F12EF8A0A638489F9C6F99CB /* Neris-BlackItalic.otf in Resources */ = {isa = PBXBuildFile; fileRef = F481C71F678D4D9DB125E438 /* Neris-BlackItalic.otf */; };
		F513BEDC62104EECBAD96C65 /* OpenSans-SemiboldItalic_0.ttf in Resources */ = {isa = PBXBuildFile; fileRef = D13DA6EBE1744D1D8941B60D /* OpenSans-SemiboldItalic_0.ttf */; };
		FCCC1F6362A84D96AF073F14 /* Montserrat-SemiBoldItalic.ttf in Resources */ = {isa = PBXBuildFile; fileRef = 74BC4F227E2849B68FC690DC /* Montserrat-SemiBoldItalic.ttf */; };
		FFA93FF7DAC24858B1BEF95F /* OpenSans-LightItalic.ttf in Resources */ = {isa = PBXBuildFile; fileRef = AF54BEB159BB4FCD861D84E1 /* OpenSans-LightItalic.ttf */; };
/* End PBXBuildFile section */

/* Begin PBXContainerItemProxy section */
		00E356F41AD99517003FC87E /* PBXContainerItemProxy */ = {
			isa = PBXContainerItemProxy;
			containerPortal = 83CBB9F71A601CBA00E9B192 /* Project object */;
			proxyType = 1;
			remoteGlobalIDString = 13B07F861A680F5B00A75B9A;
			remoteInfo = RNTemplate3B2;
		};
/* End PBXContainerItemProxy section */

/* Begin PBXFileReference section */
		00E356EE1AD99517003FC87E /* RNTemplate3B2Tests.xctest */ = {isa = PBXFileReference; explicitFileType = wrapper.cfbundle; includeInIndex = 0; path = RNTemplate3B2Tests.xctest; sourceTree = BUILT_PRODUCTS_DIR; };
		00E356F11AD99517003FC87E /* Info.plist */ = {isa = PBXFileReference; lastKnownFileType = text.plist.xml; path = Info.plist; sourceTree = "<group>"; };
		00E356F21AD99517003FC87E /* RNTemplate3B2Tests.m */ = {isa = PBXFileReference; lastKnownFileType = sourcecode.c.objc; path = RNTemplate3B2Tests.m; sourceTree = "<group>"; };
		02645292DF67430AB9F40E5B /* Poppins-ThinItalic.ttf */ = {isa = PBXFileReference; explicitFileType = undefined; fileEncoding = undefined; includeInIndex = 0; lastKnownFileType = unknown; name = "Poppins-ThinItalic.ttf"; path = "../src/assets/fonts/Poppins-ThinItalic.ttf"; sourceTree = "<group>"; };
		03EAE9C5B2994D6FA667BFE1 /* Poppins-ExtraLightItalic.ttf */ = {isa = PBXFileReference; explicitFileType = undefined; fileEncoding = undefined; includeInIndex = 0; lastKnownFileType = unknown; name = "Poppins-ExtraLightItalic.ttf"; path = "../src/assets/fonts/Poppins-ExtraLightItalic.ttf"; sourceTree = "<group>"; };
		041D36542AAA03DA0006DCB6 /* RCTCalendarModule.h */ = {isa = PBXFileReference; lastKnownFileType = sourcecode.c.h; name = RCTCalendarModule.h; path = RNTemplate3B2/RCTCalendarModule.h; sourceTree = "<group>"; };
		041D36552AAA03DA0006DCB6 /* RCTCalendarModule.m */ = {isa = PBXFileReference; lastKnownFileType = sourcecode.c.objc; name = RCTCalendarModule.m; path = RNTemplate3B2/RCTCalendarModule.m; sourceTree = "<group>"; };
		04F1BEAD2A9F6C0C0035C09D /* RNTemplate3B2Dev.app */ = {isa = PBXFileReference; explicitFileType = wrapper.application; includeInIndex = 0; path = RNTemplate3B2Dev.app; sourceTree = BUILT_PRODUCTS_DIR; };
		04F1BEAE2A9F6C0D0035C09D /* RNTemplate3B2Dev-Info.plist */ = {isa = PBXFileReference; lastKnownFileType = text.plist.xml; name = "RNTemplate3B2Dev-Info.plist"; path = "/Users/Mac/Documents/projects/itc/RNTemplate3B2/ios/RNTemplate3B2Dev-Info.plist"; sourceTree = "<absolute>"; };
		04F1BEC02A9F6C100035C09D /* RNTemplate3B2Stg.app */ = {isa = PBXFileReference; explicitFileType = wrapper.application; includeInIndex = 0; path = RNTemplate3B2Stg.app; sourceTree = BUILT_PRODUCTS_DIR; };
		04F1BEC12A9F6C100035C09D /* RNTemplate3B2Stg-Info.plist */ = {isa = PBXFileReference; lastKnownFileType = text.plist.xml; name = "RNTemplate3B2Stg-Info.plist"; path = "/Users/Mac/Documents/projects/itc/RNTemplate3B2/ios/RNTemplate3B2Stg-Info.plist"; sourceTree = "<absolute>"; };
		09E196A4CB294778B1E0959F /* Neris-Black.otf */ = {isa = PBXFileReference; explicitFileType = undefined; fileEncoding = undefined; includeInIndex = 0; lastKnownFileType = unknown; name = "Neris-Black.otf"; path = "../src/assets/fonts/Neris-Black.otf"; sourceTree = "<group>"; };
		0F23FD8C5CE44CB7BFD17373 /* Poppins-ExtraBoldItalic.ttf */ = {isa = PBXFileReference; explicitFileType = undefined; fileEncoding = undefined; includeInIndex = 0; lastKnownFileType = unknown; name = "Poppins-ExtraBoldItalic.ttf"; path = "../src/assets/fonts/Poppins-ExtraBoldItalic.ttf"; sourceTree = "<group>"; };
		100CCF0B0FF446699EA8D687 /* opensans-condbold-webfont.ttf */ = {isa = PBXFileReference; explicitFileType = undefined; fileEncoding = undefined; includeInIndex = 0; lastKnownFileType = unknown; name = "opensans-condbold-webfont.ttf"; path = "../src/assets/fonts/opensans-condbold-webfont.ttf"; sourceTree = "<group>"; };
		13B07F961A680F5B00A75B9A /* RNTemplate3B2.app */ = {isa = PBXFileReference; explicitFileType = wrapper.application; includeInIndex = 0; path = RNTemplate3B2.app; sourceTree = BUILT_PRODUCTS_DIR; };
		13B07FAF1A68108700A75B9A /* AppDelegate.h */ = {isa = PBXFileReference; fileEncoding = 4; lastKnownFileType = sourcecode.c.h; name = AppDelegate.h; path = RNTemplate3B2/AppDelegate.h; sourceTree = "<group>"; };
		13B07FB01A68108700A75B9A /* AppDelegate.mm */ = {isa = PBXFileReference; fileEncoding = 4; lastKnownFileType = sourcecode.cpp.objcpp; name = AppDelegate.mm; path = RNTemplate3B2/AppDelegate.mm; sourceTree = "<group>"; };
		13B07FB51A68108700A75B9A /* Images.xcassets */ = {isa = PBXFileReference; lastKnownFileType = folder.assetcatalog; name = Images.xcassets; path = RNTemplate3B2/Images.xcassets; sourceTree = "<group>"; };
		13B07FB61A68108700A75B9A /* Info.plist */ = {isa = PBXFileReference; fileEncoding = 4; lastKnownFileType = text.plist.xml; name = Info.plist; path = RNTemplate3B2/Info.plist; sourceTree = "<group>"; };
		13B07FB71A68108700A75B9A /* main.m */ = {isa = PBXFileReference; fileEncoding = 4; lastKnownFileType = sourcecode.c.objc; name = main.m; path = RNTemplate3B2/main.m; sourceTree = "<group>"; };
		1A53428F5E814E928736A1EF /* Neris-BoldItalic.otf */ = {isa = PBXFileReference; explicitFileType = undefined; fileEncoding = undefined; includeInIndex = 0; lastKnownFileType = unknown; name = "Neris-BoldItalic.otf"; path = "../src/assets/fonts/Neris-BoldItalic.otf"; sourceTree = "<group>"; };
		21AEEB6519DC4DFFB4108388 /* Karbon.ttf */ = {isa = PBXFileReference; explicitFileType = undefined; fileEncoding = undefined; includeInIndex = 0; lastKnownFileType = unknown; name = Karbon.ttf; path = ../src/assets/fonts/Karbon.ttf; sourceTree = "<group>"; };
		2A7E941C4B489F2116060B07 /* Pods-RNTemplate3B2CommonPods-RNTemplate3B2Dev.release.xcconfig */ = {isa = PBXFileReference; includeInIndex = 1; lastKnownFileType = text.xcconfig; name = "Pods-RNTemplate3B2CommonPods-RNTemplate3B2Dev.release.xcconfig"; path = "Target Support Files/Pods-RNTemplate3B2CommonPods-RNTemplate3B2Dev/Pods-RNTemplate3B2CommonPods-RNTemplate3B2Dev.release.xcconfig"; sourceTree = "<group>"; };
		2D239F97DB4F401E9D4F022A /* Montserrat-LightItalic.ttf */ = {isa = PBXFileReference; explicitFileType = undefined; fileEncoding = undefined; includeInIndex = 0; lastKnownFileType = unknown; name = "Montserrat-LightItalic.ttf"; path = "../src/assets/fonts/Montserrat-LightItalic.ttf"; sourceTree = "<group>"; };
		2F7707DFED7D4A19A2C93F9A /* Poppins-BoldItalic.ttf */ = {isa = PBXFileReference; explicitFileType = undefined; fileEncoding = undefined; includeInIndex = 0; lastKnownFileType = unknown; name = "Poppins-BoldItalic.ttf"; path = "../src/assets/fonts/Poppins-BoldItalic.ttf"; sourceTree = "<group>"; };
		2F79F80372D24457A2477A54 /* Poppins-LightItalic.ttf */ = {isa = PBXFileReference; explicitFileType = undefined; fileEncoding = undefined; includeInIndex = 0; lastKnownFileType = unknown; name = "Poppins-LightItalic.ttf"; path = "../src/assets/fonts/Poppins-LightItalic.ttf"; sourceTree = "<group>"; };
		31F769BF758B0312F039F4A4 /* Pods-RNTemplate3B2CommonPods-RNTemplate3B2.debug.xcconfig */ = {isa = PBXFileReference; includeInIndex = 1; lastKnownFileType = text.xcconfig; name = "Pods-RNTemplate3B2CommonPods-RNTemplate3B2.debug.xcconfig"; path = "Target Support Files/Pods-RNTemplate3B2CommonPods-RNTemplate3B2/Pods-RNTemplate3B2CommonPods-RNTemplate3B2.debug.xcconfig"; sourceTree = "<group>"; };
		38F262C05D034F2C9C296788 /* Schoolbell-pMMy.ttf */ = {isa = PBXFileReference; explicitFileType = undefined; fileEncoding = undefined; includeInIndex = 0; lastKnownFileType = unknown; name = "Schoolbell-pMMy.ttf"; path = "../src/assets/fonts/Schoolbell-pMMy.ttf"; sourceTree = "<group>"; };
		3912A856C5B718AE6A40C4A6 /* libPods-RNTemplate3B2CommonPods-RNTemplate3B2Stg.a */ = {isa = PBXFileReference; explicitFileType = archive.ar; includeInIndex = 0; path = "libPods-RNTemplate3B2CommonPods-RNTemplate3B2Stg.a"; sourceTree = BUILT_PRODUCTS_DIR; };
		3B4392A12AC88292D35C810B /* Pods-RNTemplate3B2.debug.xcconfig */ = {isa = PBXFileReference; includeInIndex = 1; lastKnownFileType = text.xcconfig; name = "Pods-RNTemplate3B2.debug.xcconfig"; path = "Target Support Files/Pods-RNTemplate3B2/Pods-RNTemplate3B2.debug.xcconfig"; sourceTree = "<group>"; };
		3DDF50A240B94DF1944FBE9C /* Montserrat-MediumItalic.ttf */ = {isa = PBXFileReference; explicitFileType = undefined; fileEncoding = undefined; includeInIndex = 0; lastKnownFileType = unknown; name = "Montserrat-MediumItalic.ttf"; path = "../src/assets/fonts/Montserrat-MediumItalic.ttf"; sourceTree = "<group>"; };
		413C9BB7064F4A849B31CCB4 /* Montserrat-Thin.ttf */ = {isa = PBXFileReference; explicitFileType = undefined; fileEncoding = undefined; includeInIndex = 0; lastKnownFileType = unknown; name = "Montserrat-Thin.ttf"; path = "../src/assets/fonts/Montserrat-Thin.ttf"; sourceTree = "<group>"; };
		41F0742F2BC44BFD887B42C8 /* Montserrat-Regular.ttf */ = {isa = PBXFileReference; explicitFileType = undefined; fileEncoding = undefined; includeInIndex = 0; lastKnownFileType = unknown; name = "Montserrat-Regular.ttf"; path = "../src/assets/fonts/Montserrat-Regular.ttf"; sourceTree = "<group>"; };
		45C949D21D4B4403A4AF7DB9 /* OpenSans-Semibold.ttf */ = {isa = PBXFileReference; explicitFileType = undefined; fileEncoding = undefined; includeInIndex = 0; lastKnownFileType = unknown; name = "OpenSans-Semibold.ttf"; path = "../src/assets/fonts/OpenSans-Semibold.ttf"; sourceTree = "<group>"; };
		4903CA5AE13342A0BC1B3CA7 /* Poppins-SemiBoldItalic.ttf */ = {isa = PBXFileReference; explicitFileType = undefined; fileEncoding = undefined; includeInIndex = 0; lastKnownFileType = unknown; name = "Poppins-SemiBoldItalic.ttf"; path = "../src/assets/fonts/Poppins-SemiBoldItalic.ttf"; sourceTree = "<group>"; };
		4D806ED3F6ED40D6885032D6 /* Montserrat-ThinItalic.ttf */ = {isa = PBXFileReference; explicitFileType = undefined; fileEncoding = undefined; includeInIndex = 0; lastKnownFileType = unknown; name = "Montserrat-ThinItalic.ttf"; path = "../src/assets/fonts/Montserrat-ThinItalic.ttf"; sourceTree = "<group>"; };
		5103950F72524BD6AD1D438F /* OpenSans-Light.ttf */ = {isa = PBXFileReference; explicitFileType = undefined; fileEncoding = undefined; includeInIndex = 0; lastKnownFileType = unknown; name = "OpenSans-Light.ttf"; path = "../src/assets/fonts/OpenSans-Light.ttf"; sourceTree = "<group>"; };
		5709B34CF0A7D63546082F79 /* Pods-RNTemplate3B2.release.xcconfig */ = {isa = PBXFileReference; includeInIndex = 1; lastKnownFileType = text.xcconfig; name = "Pods-RNTemplate3B2.release.xcconfig"; path = "Target Support Files/Pods-RNTemplate3B2/Pods-RNTemplate3B2.release.xcconfig"; sourceTree = "<group>"; };
		59DB843550CC428185FE287D /* Montserrat-BoldItalic.ttf */ = {isa = PBXFileReference; explicitFileType = undefined; fileEncoding = undefined; includeInIndex = 0; lastKnownFileType = unknown; name = "Montserrat-BoldItalic.ttf"; path = "../src/assets/fonts/Montserrat-BoldItalic.ttf"; sourceTree = "<group>"; };
		5AE57488F58E42B58AB01B20 /* Montserrat-Light.ttf */ = {isa = PBXFileReference; explicitFileType = undefined; fileEncoding = undefined; includeInIndex = 0; lastKnownFileType = unknown; name = "Montserrat-Light.ttf"; path = "../src/assets/fonts/Montserrat-Light.ttf"; sourceTree = "<group>"; };
		5AF4DE42AD62420AB5DC718D /* OpenSans-Regular.ttf */ = {isa = PBXFileReference; explicitFileType = undefined; fileEncoding = undefined; includeInIndex = 0; lastKnownFileType = unknown; name = "OpenSans-Regular.ttf"; path = "../src/assets/fonts/OpenSans-Regular.ttf"; sourceTree = "<group>"; };
		5B7EB9410499542E8C5724F5 /* Pods-RNTemplate3B2-RNTemplate3B2Tests.debug.xcconfig */ = {isa = PBXFileReference; includeInIndex = 1; lastKnownFileType = text.xcconfig; name = "Pods-RNTemplate3B2-RNTemplate3B2Tests.debug.xcconfig"; path = "Target Support Files/Pods-RNTemplate3B2-RNTemplate3B2Tests/Pods-RNTemplate3B2-RNTemplate3B2Tests.debug.xcconfig"; sourceTree = "<group>"; };
		5BBDEA46127046708E638952 /* Poppins-MediumItalic.ttf */ = {isa = PBXFileReference; explicitFileType = undefined; fileEncoding = undefined; includeInIndex = 0; lastKnownFileType = unknown; name = "Poppins-MediumItalic.ttf"; path = "../src/assets/fonts/Poppins-MediumItalic.ttf"; sourceTree = "<group>"; };
		5F5AE616B42D431B9F798AE9 /* Neris-SemiBoldItalic.otf */ = {isa = PBXFileReference; explicitFileType = undefined; fileEncoding = undefined; includeInIndex = 0; lastKnownFileType = unknown; name = "Neris-SemiBoldItalic.otf"; path = "../src/assets/fonts/Neris-SemiBoldItalic.otf"; sourceTree = "<group>"; };
		64D906769445AE58A558E9F7 /* Pods-RNTemplate3B2CommonPods-RNTemplate3B2.release.xcconfig */ = {isa = PBXFileReference; includeInIndex = 1; lastKnownFileType = text.xcconfig; name = "Pods-RNTemplate3B2CommonPods-RNTemplate3B2.release.xcconfig"; path = "Target Support Files/Pods-RNTemplate3B2CommonPods-RNTemplate3B2/Pods-RNTemplate3B2CommonPods-RNTemplate3B2.release.xcconfig"; sourceTree = "<group>"; };
		664045F78DCE77F5D84BEFF9 /* libPods-RNTemplate3B2CommonPods-RNTemplate3B2Tests.a */ = {isa = PBXFileReference; explicitFileType = archive.ar; includeInIndex = 0; path = "libPods-RNTemplate3B2CommonPods-RNTemplate3B2Tests.a"; sourceTree = BUILT_PRODUCTS_DIR; };
		68039551774E4F0EA6C4E882 /* Pods-RNTemplate3B2CommonPods-RNTemplate3B2Stg.release.xcconfig */ = {isa = PBXFileReference; includeInIndex = 1; lastKnownFileType = text.xcconfig; name = "Pods-RNTemplate3B2CommonPods-RNTemplate3B2Stg.release.xcconfig"; path = "Target Support Files/Pods-RNTemplate3B2CommonPods-RNTemplate3B2Stg/Pods-RNTemplate3B2CommonPods-RNTemplate3B2Stg.release.xcconfig"; sourceTree = "<group>"; };
		6924C3A827A843DB9F3DA48A /* Neris-SemiBold.otf */ = {isa = PBXFileReference; explicitFileType = undefined; fileEncoding = undefined; includeInIndex = 0; lastKnownFileType = unknown; name = "Neris-SemiBold.otf"; path = "../src/assets/fonts/Neris-SemiBold.otf"; sourceTree = "<group>"; };
		6C5CF49605FE4D1594A15C11 /* Neris-ThinItalic.otf */ = {isa = PBXFileReference; explicitFileType = undefined; fileEncoding = undefined; includeInIndex = 0; lastKnownFileType = unknown; name = "Neris-ThinItalic.otf"; path = "../src/assets/fonts/Neris-ThinItalic.otf"; sourceTree = "<group>"; };
		6CF430368D204B548848B53F /* Poppins-Thin.ttf */ = {isa = PBXFileReference; explicitFileType = undefined; fileEncoding = undefined; includeInIndex = 0; lastKnownFileType = unknown; name = "Poppins-Thin.ttf"; path = "../src/assets/fonts/Poppins-Thin.ttf"; sourceTree = "<group>"; };
		746C69D6C39D417890221003 /* Montserrat-Bold.ttf */ = {isa = PBXFileReference; explicitFileType = undefined; fileEncoding = undefined; includeInIndex = 0; lastKnownFileType = unknown; name = "Montserrat-Bold.ttf"; path = "../src/assets/fonts/Montserrat-Bold.ttf"; sourceTree = "<group>"; };
		74BC4F227E2849B68FC690DC /* Montserrat-SemiBoldItalic.ttf */ = {isa = PBXFileReference; explicitFileType = undefined; fileEncoding = undefined; includeInIndex = 0; lastKnownFileType = unknown; name = "Montserrat-SemiBoldItalic.ttf"; path = "../src/assets/fonts/Montserrat-SemiBoldItalic.ttf"; sourceTree = "<group>"; };
		75FA0551FDBA4145AE80E31D /* OpenSans-ExtraBold.ttf */ = {isa = PBXFileReference; explicitFileType = undefined; fileEncoding = undefined; includeInIndex = 0; lastKnownFileType = unknown; name = "OpenSans-ExtraBold.ttf"; path = "../src/assets/fonts/OpenSans-ExtraBold.ttf"; sourceTree = "<group>"; };
		790E166D8F3941809B1D51C7 /* Montserrat-ExtraBold.ttf */ = {isa = PBXFileReference; explicitFileType = undefined; fileEncoding = undefined; includeInIndex = 0; lastKnownFileType = unknown; name = "Montserrat-ExtraBold.ttf"; path = "../src/assets/fonts/Montserrat-ExtraBold.ttf"; sourceTree = "<group>"; };
		7C928B62988F4CEBAC9D9A73 /* OpenSans-Italic.ttf */ = {isa = PBXFileReference; explicitFileType = undefined; fileEncoding = undefined; includeInIndex = 0; lastKnownFileType = unknown; name = "OpenSans-Italic.ttf"; path = "../src/assets/fonts/OpenSans-Italic.ttf"; sourceTree = "<group>"; };
		7EB28090B0AE4ADFA157C64D /* OpenSans-ExtraBoldItalic.ttf */ = {isa = PBXFileReference; explicitFileType = undefined; fileEncoding = undefined; includeInIndex = 0; lastKnownFileType = unknown; name = "OpenSans-ExtraBoldItalic.ttf"; path = "../src/assets/fonts/OpenSans-ExtraBoldItalic.ttf"; sourceTree = "<group>"; };
		81AB9BB72411601600AC10FF /* LaunchScreen.storyboard */ = {isa = PBXFileReference; fileEncoding = 4; lastKnownFileType = file.storyboard; name = LaunchScreen.storyboard; path = RNTemplate3B2/LaunchScreen.storyboard; sourceTree = "<group>"; };
		865860F6A05E47E886AC625B /* Poppins-BlackItalic.ttf */ = {isa = PBXFileReference; explicitFileType = undefined; fileEncoding = undefined; includeInIndex = 0; lastKnownFileType = unknown; name = "Poppins-BlackItalic.ttf"; path = "../src/assets/fonts/Poppins-BlackItalic.ttf"; sourceTree = "<group>"; };
		88190486EE564EACB773468D /* Poppins-Italic.ttf */ = {isa = PBXFileReference; explicitFileType = undefined; fileEncoding = undefined; includeInIndex = 0; lastKnownFileType = unknown; name = "Poppins-Italic.ttf"; path = "../src/assets/fonts/Poppins-Italic.ttf"; sourceTree = "<group>"; };
		89C6BE57DB24E9ADA2F236DE /* Pods-RNTemplate3B2-RNTemplate3B2Tests.release.xcconfig */ = {isa = PBXFileReference; includeInIndex = 1; lastKnownFileType = text.xcconfig; name = "Pods-RNTemplate3B2-RNTemplate3B2Tests.release.xcconfig"; path = "Target Support Files/Pods-RNTemplate3B2-RNTemplate3B2Tests/Pods-RNTemplate3B2-RNTemplate3B2Tests.release.xcconfig"; sourceTree = "<group>"; };
		8B505E2D7740489B807A8A74 /* Neris-Light.otf */ = {isa = PBXFileReference; explicitFileType = undefined; fileEncoding = undefined; includeInIndex = 0; lastKnownFileType = unknown; name = "Neris-Light.otf"; path = "../src/assets/fonts/Neris-Light.otf"; sourceTree = "<group>"; };
		920F24E628DC4B75977D0432 /* Montserrat-Black.ttf */ = {isa = PBXFileReference; explicitFileType = undefined; fileEncoding = undefined; includeInIndex = 0; lastKnownFileType = unknown; name = "Montserrat-Black.ttf"; path = "../src/assets/fonts/Montserrat-Black.ttf"; sourceTree = "<group>"; };
		9BDF79D57F2E4EAEBDF9ECDB /* Montserrat-Italic.ttf */ = {isa = PBXFileReference; explicitFileType = undefined; fileEncoding = undefined; includeInIndex = 0; lastKnownFileType = unknown; name = "Montserrat-Italic.ttf"; path = "../src/assets/fonts/Montserrat-Italic.ttf"; sourceTree = "<group>"; };
		9DFFDEB4CD5B94B590F92FA3 /* Pods-RNTemplate3B2CommonPods-RNTemplate3B2Dev.debug.xcconfig */ = {isa = PBXFileReference; includeInIndex = 1; lastKnownFileType = text.xcconfig; name = "Pods-RNTemplate3B2CommonPods-RNTemplate3B2Dev.debug.xcconfig"; path = "Target Support Files/Pods-RNTemplate3B2CommonPods-RNTemplate3B2Dev/Pods-RNTemplate3B2CommonPods-RNTemplate3B2Dev.debug.xcconfig"; sourceTree = "<group>"; };
		9FE1BF28571B44A4BAFE16B7 /* Poppins-ExtraLight.ttf */ = {isa = PBXFileReference; explicitFileType = undefined; fileEncoding = undefined; includeInIndex = 0; lastKnownFileType = unknown; name = "Poppins-ExtraLight.ttf"; path = "../src/assets/fonts/Poppins-ExtraLight.ttf"; sourceTree = "<group>"; };
		9FF5E0B95F7F43F399F14049 /* OpenSans-BoldItalic.ttf */ = {isa = PBXFileReference; explicitFileType = undefined; fileEncoding = undefined; includeInIndex = 0; lastKnownFileType = unknown; name = "OpenSans-BoldItalic.ttf"; path = "../src/assets/fonts/OpenSans-BoldItalic.ttf"; sourceTree = "<group>"; };
		A12244AAA582E0088C8272DF /* libPods-RNTemplate3B2CommonPods-RNTemplate3B2Dev.a */ = {isa = PBXFileReference; explicitFileType = archive.ar; includeInIndex = 0; path = "libPods-RNTemplate3B2CommonPods-RNTemplate3B2Dev.a"; sourceTree = BUILT_PRODUCTS_DIR; };
		ABBB27753E7D4C26A1F65C33 /* Montserrat-ExtraBoldItalic.ttf */ = {isa = PBXFileReference; explicitFileType = undefined; fileEncoding = undefined; includeInIndex = 0; lastKnownFileType = unknown; name = "Montserrat-ExtraBoldItalic.ttf"; path = "../src/assets/fonts/Montserrat-ExtraBoldItalic.ttf"; sourceTree = "<group>"; };
		ACEA7271CD76C2EBE9E81276 /* libPods-RNTemplate3B2CommonPods-RNTemplate3B2.a */ = {isa = PBXFileReference; explicitFileType = archive.ar; includeInIndex = 0; path = "libPods-RNTemplate3B2CommonPods-RNTemplate3B2.a"; sourceTree = BUILT_PRODUCTS_DIR; };
		AF092BE24D5D49EBBAE96C1B /* Poppins-Medium.ttf */ = {isa = PBXFileReference; explicitFileType = undefined; fileEncoding = undefined; includeInIndex = 0; lastKnownFileType = unknown; name = "Poppins-Medium.ttf"; path = "../src/assets/fonts/Poppins-Medium.ttf"; sourceTree = "<group>"; };
		AF54BEB159BB4FCD861D84E1 /* OpenSans-LightItalic.ttf */ = {isa = PBXFileReference; explicitFileType = undefined; fileEncoding = undefined; includeInIndex = 0; lastKnownFileType = unknown; name = "OpenSans-LightItalic.ttf"; path = "../src/assets/fonts/OpenSans-LightItalic.ttf"; sourceTree = "<group>"; };
		B05459BB061D44A58E9C1606 /* Montserrat-Medium.ttf */ = {isa = PBXFileReference; explicitFileType = undefined; fileEncoding = undefined; includeInIndex = 0; lastKnownFileType = unknown; name = "Montserrat-Medium.ttf"; path = "../src/assets/fonts/Montserrat-Medium.ttf"; sourceTree = "<group>"; };
		B153B79A18E140948692A428 /* Poppins-Bold.ttf */ = {isa = PBXFileReference; explicitFileType = undefined; fileEncoding = undefined; includeInIndex = 0; lastKnownFileType = unknown; name = "Poppins-Bold.ttf"; path = "../src/assets/fonts/Poppins-Bold.ttf"; sourceTree = "<group>"; };
		B31B7DEEC634457894266CD8 /* Montserrat-ExtraLightItalic.ttf */ = {isa = PBXFileReference; explicitFileType = undefined; fileEncoding = undefined; includeInIndex = 0; lastKnownFileType = unknown; name = "Montserrat-ExtraLightItalic.ttf"; path = "../src/assets/fonts/Montserrat-ExtraLightItalic.ttf"; sourceTree = "<group>"; };
		B55EB78195C94A26AF76EA19 /* Neris-LightItalic.otf */ = {isa = PBXFileReference; explicitFileType = undefined; fileEncoding = undefined; includeInIndex = 0; lastKnownFileType = unknown; name = "Neris-LightItalic.otf"; path = "../src/assets/fonts/Neris-LightItalic.otf"; sourceTree = "<group>"; };
		B6F3956301834BEBABE51302 /* OpenSans-Bold.ttf */ = {isa = PBXFileReference; explicitFileType = undefined; fileEncoding = undefined; includeInIndex = 0; lastKnownFileType = unknown; name = "OpenSans-Bold.ttf"; path = "../src/assets/fonts/OpenSans-Bold.ttf"; sourceTree = "<group>"; };
		B9D1B76F763E40B4923E0993 /* Poppins-Regular.ttf */ = {isa = PBXFileReference; explicitFileType = undefined; fileEncoding = undefined; includeInIndex = 0; lastKnownFileType = unknown; name = "Poppins-Regular.ttf"; path = "../src/assets/fonts/Poppins-Regular.ttf"; sourceTree = "<group>"; };
		BD64B1FBAF68168319EB163A /* Pods-RNTemplate3B2CommonPods-RNTemplate3B2Stg.debug.xcconfig */ = {isa = PBXFileReference; includeInIndex = 1; lastKnownFileType = text.xcconfig; name = "Pods-RNTemplate3B2CommonPods-RNTemplate3B2Stg.debug.xcconfig"; path = "Target Support Files/Pods-RNTemplate3B2CommonPods-RNTemplate3B2Stg/Pods-RNTemplate3B2CommonPods-RNTemplate3B2Stg.debug.xcconfig"; sourceTree = "<group>"; };
		C3645B9CC95544798CC84A0B /* Neris-Thin.otf */ = {isa = PBXFileReference; explicitFileType = undefined; fileEncoding = undefined; includeInIndex = 0; lastKnownFileType = unknown; name = "Neris-Thin.otf"; path = "../src/assets/fonts/Neris-Thin.otf"; sourceTree = "<group>"; };
		C442E24C7EDF0F291F9E7FFD /* Pods-RNTemplate3B2CommonPods-RNTemplate3B2Tests.release.xcconfig */ = {isa = PBXFileReference; includeInIndex = 1; lastKnownFileType = text.xcconfig; name = "Pods-RNTemplate3B2CommonPods-RNTemplate3B2Tests.release.xcconfig"; path = "Target Support Files/Pods-RNTemplate3B2CommonPods-RNTemplate3B2Tests/Pods-RNTemplate3B2CommonPods-RNTemplate3B2Tests.release.xcconfig"; sourceTree = "<group>"; };
		C6AF15BBC820424185849994 /* Montserrat-SemiBold.ttf */ = {isa = PBXFileReference; explicitFileType = undefined; fileEncoding = undefined; includeInIndex = 0; lastKnownFileType = unknown; name = "Montserrat-SemiBold.ttf"; path = "../src/assets/fonts/Montserrat-SemiBold.ttf"; sourceTree = "<group>"; };
		C7755179D1B54F0383FD1055 /* Poppins-Black.ttf */ = {isa = PBXFileReference; explicitFileType = undefined; fileEncoding = undefined; includeInIndex = 0; lastKnownFileType = unknown; name = "Poppins-Black.ttf"; path = "../src/assets/fonts/Poppins-Black.ttf"; sourceTree = "<group>"; };
		CB5C2EB04DBB4BE79102B1D5 /* OpenSans-CondLight.ttf */ = {isa = PBXFileReference; explicitFileType = undefined; fileEncoding = undefined; includeInIndex = 0; lastKnownFileType = unknown; name = "OpenSans-CondLight.ttf"; path = "../src/assets/fonts/OpenSans-CondLight.ttf"; sourceTree = "<group>"; };
		CE40094622C041DC83DA3808 /* Montserrat-ExtraLight.ttf */ = {isa = PBXFileReference; explicitFileType = undefined; fileEncoding = undefined; includeInIndex = 0; lastKnownFileType = unknown; name = "Montserrat-ExtraLight.ttf"; path = "../src/assets/fonts/Montserrat-ExtraLight.ttf"; sourceTree = "<group>"; };
		D13DA6EBE1744D1D8941B60D /* OpenSans-SemiboldItalic_0.ttf */ = {isa = PBXFileReference; explicitFileType = undefined; fileEncoding = undefined; includeInIndex = 0; lastKnownFileType = unknown; name = "OpenSans-SemiboldItalic_0.ttf"; path = "../src/assets/fonts/OpenSans-SemiboldItalic_0.ttf"; sourceTree = "<group>"; };
		D9EFE615CE1E5547978AAADD /* Pods-RNTemplate3B2CommonPods-RNTemplate3B2Tests.debug.xcconfig */ = {isa = PBXFileReference; includeInIndex = 1; lastKnownFileType = text.xcconfig; name = "Pods-RNTemplate3B2CommonPods-RNTemplate3B2Tests.debug.xcconfig"; path = "Target Support Files/Pods-RNTemplate3B2CommonPods-RNTemplate3B2Tests/Pods-RNTemplate3B2CommonPods-RNTemplate3B2Tests.debug.xcconfig"; sourceTree = "<group>"; };
		E544164296EF4F27BB6C1A71 /* Poppins-Light.ttf */ = {isa = PBXFileReference; explicitFileType = undefined; fileEncoding = undefined; includeInIndex = 0; lastKnownFileType = unknown; name = "Poppins-Light.ttf"; path = "../src/assets/fonts/Poppins-Light.ttf"; sourceTree = "<group>"; };
		E9F8600A57F444359F410FC5 /* Montserrat-BlackItalic.ttf */ = {isa = PBXFileReference; explicitFileType = undefined; fileEncoding = undefined; includeInIndex = 0; lastKnownFileType = unknown; name = "Montserrat-BlackItalic.ttf"; path = "../src/assets/fonts/Montserrat-BlackItalic.ttf"; sourceTree = "<group>"; };
		ED297162215061F000B7C4FE /* JavaScriptCore.framework */ = {isa = PBXFileReference; lastKnownFileType = wrapper.framework; name = JavaScriptCore.framework; path = System/Library/Frameworks/JavaScriptCore.framework; sourceTree = SDKROOT; };
		F1545CE9106E4EBF88338D26 /* Poppins-SemiBold.ttf */ = {isa = PBXFileReference; explicitFileType = undefined; fileEncoding = undefined; includeInIndex = 0; lastKnownFileType = unknown; name = "Poppins-SemiBold.ttf"; path = "../src/assets/fonts/Poppins-SemiBold.ttf"; sourceTree = "<group>"; };
		F2FC15D3B8914467AA5C2BBD /* Poppins-ExtraBold.ttf */ = {isa = PBXFileReference; explicitFileType = undefined; fileEncoding = undefined; includeInIndex = 0; lastKnownFileType = unknown; name = "Poppins-ExtraBold.ttf"; path = "../src/assets/fonts/Poppins-ExtraBold.ttf"; sourceTree = "<group>"; };
		F481C71F678D4D9DB125E438 /* Neris-BlackItalic.otf */ = {isa = PBXFileReference; explicitFileType = undefined; fileEncoding = undefined; includeInIndex = 0; lastKnownFileType = unknown; name = "Neris-BlackItalic.otf"; path = "../src/assets/fonts/Neris-BlackItalic.otf"; sourceTree = "<group>"; };
/* End PBXFileReference section */

/* Begin PBXFrameworksBuildPhase section */
		00E356EB1AD99517003FC87E /* Frameworks */ = {
			isa = PBXFrameworksBuildPhase;
			buildActionMask = 2147483647;
			files = (
				346398BF6B660863654431DF /* libPods-RNTemplate3B2CommonPods-RNTemplate3B2Tests.a in Frameworks */,
			);
			runOnlyForDeploymentPostprocessing = 0;
		};
		04F1BEA22A9F6C0C0035C09D /* Frameworks */ = {
			isa = PBXFrameworksBuildPhase;
			buildActionMask = 2147483647;
			files = (
				2E5958F605DBE9472EAFE429 /* libPods-RNTemplate3B2CommonPods-RNTemplate3B2Dev.a in Frameworks */,
			);
			runOnlyForDeploymentPostprocessing = 0;
		};
		04F1BEB52A9F6C100035C09D /* Frameworks */ = {
			isa = PBXFrameworksBuildPhase;
			buildActionMask = 2147483647;
			files = (
				709A58D753B40552E4A8C3FF /* libPods-RNTemplate3B2CommonPods-RNTemplate3B2Stg.a in Frameworks */,
			);
			runOnlyForDeploymentPostprocessing = 0;
		};
		13B07F8C1A680F5B00A75B9A /* Frameworks */ = {
			isa = PBXFrameworksBuildPhase;
			buildActionMask = 2147483647;
			files = (
				D6D70382EF2F74D9FB091CE1 /* libPods-RNTemplate3B2CommonPods-RNTemplate3B2.a in Frameworks */,
			);
			runOnlyForDeploymentPostprocessing = 0;
		};
/* End PBXFrameworksBuildPhase section */

/* Begin PBXGroup section */
		00E356EF1AD99517003FC87E /* RNTemplate3B2Tests */ = {
			isa = PBXGroup;
			children = (
				00E356F21AD99517003FC87E /* RNTemplate3B2Tests.m */,
				00E356F01AD99517003FC87E /* Supporting Files */,
			);
			path = RNTemplate3B2Tests;
			sourceTree = "<group>";
		};
		00E356F01AD99517003FC87E /* Supporting Files */ = {
			isa = PBXGroup;
			children = (
				00E356F11AD99517003FC87E /* Info.plist */,
			);
			name = "Supporting Files";
			sourceTree = "<group>";
		};
		13B07FAE1A68108700A75B9A /* RNTemplate3B2 */ = {
			isa = PBXGroup;
			children = (
				13B07FAF1A68108700A75B9A /* AppDelegate.h */,
				13B07FB01A68108700A75B9A /* AppDelegate.mm */,
				13B07FB51A68108700A75B9A /* Images.xcassets */,
				13B07FB61A68108700A75B9A /* Info.plist */,
				81AB9BB72411601600AC10FF /* LaunchScreen.storyboard */,
				13B07FB71A68108700A75B9A /* main.m */,
				041D36542AAA03DA0006DCB6 /* RCTCalendarModule.h */,
				041D36552AAA03DA0006DCB6 /* RCTCalendarModule.m */,
			);
			name = RNTemplate3B2;
			sourceTree = "<group>";
		};
		2D16E6871FA4F8E400B85C8A /* Frameworks */ = {
			isa = PBXGroup;
			children = (
				ED297162215061F000B7C4FE /* JavaScriptCore.framework */,
				ACEA7271CD76C2EBE9E81276 /* libPods-RNTemplate3B2CommonPods-RNTemplate3B2.a */,
				A12244AAA582E0088C8272DF /* libPods-RNTemplate3B2CommonPods-RNTemplate3B2Dev.a */,
				3912A856C5B718AE6A40C4A6 /* libPods-RNTemplate3B2CommonPods-RNTemplate3B2Stg.a */,
				664045F78DCE77F5D84BEFF9 /* libPods-RNTemplate3B2CommonPods-RNTemplate3B2Tests.a */,
			);
			name = Frameworks;
			sourceTree = "<group>";
		};
		40E00C43DAD5467187B66FCC /* Resources */ = {
			isa = PBXGroup;
			children = (
				09E196A4CB294778B1E0959F /* Neris-Black.otf */,
				F481C71F678D4D9DB125E438 /* Neris-BlackItalic.otf */,
				1A53428F5E814E928736A1EF /* Neris-BoldItalic.otf */,
				8B505E2D7740489B807A8A74 /* Neris-Light.otf */,
				B55EB78195C94A26AF76EA19 /* Neris-LightItalic.otf */,
				6924C3A827A843DB9F3DA48A /* Neris-SemiBold.otf */,
				5F5AE616B42D431B9F798AE9 /* Neris-SemiBoldItalic.otf */,
				C3645B9CC95544798CC84A0B /* Neris-Thin.otf */,
				6C5CF49605FE4D1594A15C11 /* Neris-ThinItalic.otf */,
				21AEEB6519DC4DFFB4108388 /* Karbon.ttf */,
				920F24E628DC4B75977D0432 /* Montserrat-Black.ttf */,
				E9F8600A57F444359F410FC5 /* Montserrat-BlackItalic.ttf */,
				746C69D6C39D417890221003 /* Montserrat-Bold.ttf */,
				59DB843550CC428185FE287D /* Montserrat-BoldItalic.ttf */,
				790E166D8F3941809B1D51C7 /* Montserrat-ExtraBold.ttf */,
				ABBB27753E7D4C26A1F65C33 /* Montserrat-ExtraBoldItalic.ttf */,
				CE40094622C041DC83DA3808 /* Montserrat-ExtraLight.ttf */,
				B31B7DEEC634457894266CD8 /* Montserrat-ExtraLightItalic.ttf */,
				9BDF79D57F2E4EAEBDF9ECDB /* Montserrat-Italic.ttf */,
				5AE57488F58E42B58AB01B20 /* Montserrat-Light.ttf */,
				2D239F97DB4F401E9D4F022A /* Montserrat-LightItalic.ttf */,
				B05459BB061D44A58E9C1606 /* Montserrat-Medium.ttf */,
				3DDF50A240B94DF1944FBE9C /* Montserrat-MediumItalic.ttf */,
				41F0742F2BC44BFD887B42C8 /* Montserrat-Regular.ttf */,
				C6AF15BBC820424185849994 /* Montserrat-SemiBold.ttf */,
				74BC4F227E2849B68FC690DC /* Montserrat-SemiBoldItalic.ttf */,
				413C9BB7064F4A849B31CCB4 /* Montserrat-Thin.ttf */,
				4D806ED3F6ED40D6885032D6 /* Montserrat-ThinItalic.ttf */,
				B6F3956301834BEBABE51302 /* OpenSans-Bold.ttf */,
				9FF5E0B95F7F43F399F14049 /* OpenSans-BoldItalic.ttf */,
				CB5C2EB04DBB4BE79102B1D5 /* OpenSans-CondLight.ttf */,
				75FA0551FDBA4145AE80E31D /* OpenSans-ExtraBold.ttf */,
				7EB28090B0AE4ADFA157C64D /* OpenSans-ExtraBoldItalic.ttf */,
				7C928B62988F4CEBAC9D9A73 /* OpenSans-Italic.ttf */,
				5103950F72524BD6AD1D438F /* OpenSans-Light.ttf */,
				AF54BEB159BB4FCD861D84E1 /* OpenSans-LightItalic.ttf */,
				5AF4DE42AD62420AB5DC718D /* OpenSans-Regular.ttf */,
				45C949D21D4B4403A4AF7DB9 /* OpenSans-Semibold.ttf */,
				D13DA6EBE1744D1D8941B60D /* OpenSans-SemiboldItalic_0.ttf */,
				C7755179D1B54F0383FD1055 /* Poppins-Black.ttf */,
				865860F6A05E47E886AC625B /* Poppins-BlackItalic.ttf */,
				B153B79A18E140948692A428 /* Poppins-Bold.ttf */,
				2F7707DFED7D4A19A2C93F9A /* Poppins-BoldItalic.ttf */,
				F2FC15D3B8914467AA5C2BBD /* Poppins-ExtraBold.ttf */,
				0F23FD8C5CE44CB7BFD17373 /* Poppins-ExtraBoldItalic.ttf */,
				9FE1BF28571B44A4BAFE16B7 /* Poppins-ExtraLight.ttf */,
				03EAE9C5B2994D6FA667BFE1 /* Poppins-ExtraLightItalic.ttf */,
				88190486EE564EACB773468D /* Poppins-Italic.ttf */,
				E544164296EF4F27BB6C1A71 /* Poppins-Light.ttf */,
				2F79F80372D24457A2477A54 /* Poppins-LightItalic.ttf */,
				AF092BE24D5D49EBBAE96C1B /* Poppins-Medium.ttf */,
				5BBDEA46127046708E638952 /* Poppins-MediumItalic.ttf */,
				B9D1B76F763E40B4923E0993 /* Poppins-Regular.ttf */,
				F1545CE9106E4EBF88338D26 /* Poppins-SemiBold.ttf */,
				4903CA5AE13342A0BC1B3CA7 /* Poppins-SemiBoldItalic.ttf */,
				6CF430368D204B548848B53F /* Poppins-Thin.ttf */,
				02645292DF67430AB9F40E5B /* Poppins-ThinItalic.ttf */,
				38F262C05D034F2C9C296788 /* Schoolbell-pMMy.ttf */,
				100CCF0B0FF446699EA8D687 /* opensans-condbold-webfont.ttf */,
			);
			name = Resources;
			path = "";
			sourceTree = "<group>";
		};
		832341AE1AAA6A7D00B99B32 /* Libraries */ = {
			isa = PBXGroup;
			children = (
			);
			name = Libraries;
			sourceTree = "<group>";
		};
		83CBB9F61A601CBA00E9B192 = {
			isa = PBXGroup;
			children = (
				13B07FAE1A68108700A75B9A /* RNTemplate3B2 */,
				832341AE1AAA6A7D00B99B32 /* Libraries */,
				00E356EF1AD99517003FC87E /* RNTemplate3B2Tests */,
				83CBBA001A601CBA00E9B192 /* Products */,
				2D16E6871FA4F8E400B85C8A /* Frameworks */,
				BBD78D7AC51CEA395F1C20DB /* Pods */,
				04F1BEAE2A9F6C0D0035C09D /* RNTemplate3B2Dev-Info.plist */,
				04F1BEC12A9F6C100035C09D /* RNTemplate3B2Stg-Info.plist */,
				40E00C43DAD5467187B66FCC /* Resources */,
			);
			indentWidth = 2;
			sourceTree = "<group>";
			tabWidth = 2;
			usesTabs = 0;
		};
		83CBBA001A601CBA00E9B192 /* Products */ = {
			isa = PBXGroup;
			children = (
				13B07F961A680F5B00A75B9A /* RNTemplate3B2.app */,
				00E356EE1AD99517003FC87E /* RNTemplate3B2Tests.xctest */,
				04F1BEAD2A9F6C0C0035C09D /* RNTemplate3B2Dev.app */,
				04F1BEC02A9F6C100035C09D /* RNTemplate3B2Stg.app */,
			);
			name = Products;
			sourceTree = "<group>";
		};
		BBD78D7AC51CEA395F1C20DB /* Pods */ = {
			isa = PBXGroup;
			children = (
				3B4392A12AC88292D35C810B /* Pods-RNTemplate3B2.debug.xcconfig */,
				5709B34CF0A7D63546082F79 /* Pods-RNTemplate3B2.release.xcconfig */,
				5B7EB9410499542E8C5724F5 /* Pods-RNTemplate3B2-RNTemplate3B2Tests.debug.xcconfig */,
				89C6BE57DB24E9ADA2F236DE /* Pods-RNTemplate3B2-RNTemplate3B2Tests.release.xcconfig */,
				31F769BF758B0312F039F4A4 /* Pods-RNTemplate3B2CommonPods-RNTemplate3B2.debug.xcconfig */,
				64D906769445AE58A558E9F7 /* Pods-RNTemplate3B2CommonPods-RNTemplate3B2.release.xcconfig */,
				9DFFDEB4CD5B94B590F92FA3 /* Pods-RNTemplate3B2CommonPods-RNTemplate3B2Dev.debug.xcconfig */,
				2A7E941C4B489F2116060B07 /* Pods-RNTemplate3B2CommonPods-RNTemplate3B2Dev.release.xcconfig */,
				BD64B1FBAF68168319EB163A /* Pods-RNTemplate3B2CommonPods-RNTemplate3B2Stg.debug.xcconfig */,
				68039551774E4F0EA6C4E882 /* Pods-RNTemplate3B2CommonPods-RNTemplate3B2Stg.release.xcconfig */,
				D9EFE615CE1E5547978AAADD /* Pods-RNTemplate3B2CommonPods-RNTemplate3B2Tests.debug.xcconfig */,
				C442E24C7EDF0F291F9E7FFD /* Pods-RNTemplate3B2CommonPods-RNTemplate3B2Tests.release.xcconfig */,
			);
			path = Pods;
			sourceTree = "<group>";
		};
/* End PBXGroup section */

/* Begin PBXNativeTarget section */
		00E356ED1AD99517003FC87E /* RNTemplate3B2Tests */ = {
			isa = PBXNativeTarget;
			buildConfigurationList = 00E357021AD99517003FC87E /* Build configuration list for PBXNativeTarget "RNTemplate3B2Tests" */;
			buildPhases = (
				A55EABD7B0C7F3A422A6CC61 /* [CP] Check Pods Manifest.lock */,
				00E356EA1AD99517003FC87E /* Sources */,
				00E356EB1AD99517003FC87E /* Frameworks */,
				00E356EC1AD99517003FC87E /* Resources */,
				C59DA0FBD6956966B86A3779 /* [CP] Embed Pods Frameworks */,
				F6A41C54EA430FDDC6A6ED99 /* [CP] Copy Pods Resources */,
			);
			buildRules = (
			);
			dependencies = (
				00E356F51AD99517003FC87E /* PBXTargetDependency */,
			);
			name = RNTemplate3B2Tests;
			productName = RNTemplate3B2Tests;
			productReference = 00E356EE1AD99517003FC87E /* RNTemplate3B2Tests.xctest */;
			productType = "com.apple.product-type.bundle.unit-test";
		};
		04F1BE9C2A9F6C0C0035C09D /* RNTemplate3B2Dev */ = {
			isa = PBXNativeTarget;
			buildConfigurationList = 04F1BEAA2A9F6C0C0035C09D /* Build configuration list for PBXNativeTarget "RNTemplate3B2Dev" */;
			buildPhases = (
				04F1BE9D2A9F6C0C0035C09D /* [CP] Check Pods Manifest.lock */,
				04F1BE9E2A9F6C0C0035C09D /* Start Packager */,
				04F1BE9F2A9F6C0C0035C09D /* Sources */,
				04F1BEA22A9F6C0C0035C09D /* Frameworks */,
				04F1BEA42A9F6C0C0035C09D /* Resources */,
				04F1BEA72A9F6C0C0035C09D /* Bundle React Native code and images */,
				04F1BEA82A9F6C0C0035C09D /* [CP] Embed Pods Frameworks */,
				04F1BEA92A9F6C0C0035C09D /* [CP] Copy Pods Resources */,
			);
			buildRules = (
			);
			dependencies = (
			);
			name = RNTemplate3B2Dev;
			productName = RNTemplate3B2;
			productReference = 04F1BEAD2A9F6C0C0035C09D /* RNTemplate3B2Dev.app */;
			productType = "com.apple.product-type.application";
		};
		04F1BEAF2A9F6C100035C09D /* RNTemplate3B2Stg */ = {
			isa = PBXNativeTarget;
			buildConfigurationList = 04F1BEBD2A9F6C100035C09D /* Build configuration list for PBXNativeTarget "RNTemplate3B2Stg" */;
			buildPhases = (
				04F1BEB02A9F6C100035C09D /* [CP] Check Pods Manifest.lock */,
				04F1BEB12A9F6C100035C09D /* Start Packager */,
				04F1BEB22A9F6C100035C09D /* Sources */,
				04F1BEB52A9F6C100035C09D /* Frameworks */,
				04F1BEB72A9F6C100035C09D /* Resources */,
				04F1BEBA2A9F6C100035C09D /* Bundle React Native code and images */,
				04F1BEBB2A9F6C100035C09D /* [CP] Embed Pods Frameworks */,
				04F1BEBC2A9F6C100035C09D /* [CP] Copy Pods Resources */,
			);
			buildRules = (
			);
			dependencies = (
			);
			name = RNTemplate3B2Stg;
			productName = RNTemplate3B2;
			productReference = 04F1BEC02A9F6C100035C09D /* RNTemplate3B2Stg.app */;
			productType = "com.apple.product-type.application";
		};
		13B07F861A680F5B00A75B9A /* RNTemplate3B2 */ = {
			isa = PBXNativeTarget;
			buildConfigurationList = 13B07F931A680F5B00A75B9A /* Build configuration list for PBXNativeTarget "RNTemplate3B2" */;
			buildPhases = (
				C38B50BA6285516D6DCD4F65 /* [CP] Check Pods Manifest.lock */,
				FD10A7F022414F080027D42C /* Start Packager */,
				13B07F871A680F5B00A75B9A /* Sources */,
				13B07F8C1A680F5B00A75B9A /* Frameworks */,
				13B07F8E1A680F5B00A75B9A /* Resources */,
				00DD1BFF1BD5951E006B06BC /* Bundle React Native code and images */,
				00EEFC60759A1932668264C0 /* [CP] Embed Pods Frameworks */,
				E235C05ADACE081382539298 /* [CP] Copy Pods Resources */,
			);
			buildRules = (
			);
			dependencies = (
			);
			name = RNTemplate3B2;
			productName = RNTemplate3B2;
			productReference = 13B07F961A680F5B00A75B9A /* RNTemplate3B2.app */;
			productType = "com.apple.product-type.application";
		};
/* End PBXNativeTarget section */

/* Begin PBXProject section */
		83CBB9F71A601CBA00E9B192 /* Project object */ = {
			isa = PBXProject;
			attributes = {
				LastUpgradeCheck = 1210;
				TargetAttributes = {
					00E356ED1AD99517003FC87E = {
						CreatedOnToolsVersion = 6.2;
						TestTargetID = 13B07F861A680F5B00A75B9A;
					};
					13B07F861A680F5B00A75B9A = {
						LastSwiftMigration = 1120;
					};
				};
			};
			buildConfigurationList = 83CBB9FA1A601CBA00E9B192 /* Build configuration list for PBXProject "RNTemplate3B2" */;
			compatibilityVersion = "Xcode 12.0";
			developmentRegion = en;
			hasScannedForEncodings = 0;
			knownRegions = (
				en,
				Base,
			);
			mainGroup = 83CBB9F61A601CBA00E9B192;
			productRefGroup = 83CBBA001A601CBA00E9B192 /* Products */;
			projectDirPath = "";
			projectRoot = "";
			targets = (
				13B07F861A680F5B00A75B9A /* RNTemplate3B2 */,
				04F1BE9C2A9F6C0C0035C09D /* RNTemplate3B2Dev */,
				04F1BEAF2A9F6C100035C09D /* RNTemplate3B2Stg */,
				00E356ED1AD99517003FC87E /* RNTemplate3B2Tests */,
			);
		};
/* End PBXProject section */

/* Begin PBXResourcesBuildPhase section */
		00E356EC1AD99517003FC87E /* Resources */ = {
			isa = PBXResourcesBuildPhase;
			buildActionMask = 2147483647;
			files = (
			);
			runOnlyForDeploymentPostprocessing = 0;
		};
		04F1BEA42A9F6C0C0035C09D /* Resources */ = {
			isa = PBXResourcesBuildPhase;
			buildActionMask = 2147483647;
			files = (
				04F1BEA52A9F6C0C0035C09D /* LaunchScreen.storyboard in Resources */,
				04F1BEA62A9F6C0C0035C09D /* Images.xcassets in Resources */,
			);
			runOnlyForDeploymentPostprocessing = 0;
		};
		04F1BEB72A9F6C100035C09D /* Resources */ = {
			isa = PBXResourcesBuildPhase;
			buildActionMask = 2147483647;
			files = (
				04F1BEB82A9F6C100035C09D /* LaunchScreen.storyboard in Resources */,
				04F1BEB92A9F6C100035C09D /* Images.xcassets in Resources */,
			);
			runOnlyForDeploymentPostprocessing = 0;
		};
		13B07F8E1A680F5B00A75B9A /* Resources */ = {
			isa = PBXResourcesBuildPhase;
			buildActionMask = 2147483647;
			files = (
				81AB9BB82411601600AC10FF /* LaunchScreen.storyboard in Resources */,
				13B07FBF1A68108700A75B9A /* Images.xcassets in Resources */,
				37F360B8F47942D198F5D807 /* Neris-Black.otf in Resources */,
				F12EF8A0A638489F9C6F99CB /* Neris-BlackItalic.otf in Resources */,
				61CBC299AA544B37AC991830 /* Neris-BoldItalic.otf in Resources */,
				35E8BB02698D4EE09ABA81F4 /* Neris-Light.otf in Resources */,
				A50BB40DFE65479796B30AB7 /* Neris-LightItalic.otf in Resources */,
				1A51538CC5D34536A24366EC /* Neris-SemiBold.otf in Resources */,
				3E507675A4444DDFA783EB0A /* Neris-SemiBoldItalic.otf in Resources */,
				4B73A4E359674143BBB8ADA8 /* Neris-Thin.otf in Resources */,
				99A3515BA2AD4095B728AA3F /* Neris-ThinItalic.otf in Resources */,
				D1DE324D14BB40498C799D69 /* Karbon.ttf in Resources */,
				0752A27D2A99495890DC1CAB /* Montserrat-Black.ttf in Resources */,
				D10C2965935C47F2A6D3BC95 /* Montserrat-BlackItalic.ttf in Resources */,
				648958FB2DCA4F16B0636E7E /* Montserrat-Bold.ttf in Resources */,
				113C0968629F4F99A2899767 /* Montserrat-BoldItalic.ttf in Resources */,
				81CEDDBB9B36408DB9A6E57E /* Montserrat-ExtraBold.ttf in Resources */,
				794A434AF30F40BCB109CBFC /* Montserrat-ExtraBoldItalic.ttf in Resources */,
				8E25C3C64414489385FA457B /* Montserrat-ExtraLight.ttf in Resources */,
				76F38821E84648FE827F135D /* Montserrat-ExtraLightItalic.ttf in Resources */,
				5B038E610AD34BB791D038EA /* Montserrat-Italic.ttf in Resources */,
				29559F3C59A94593819757CD /* Montserrat-Light.ttf in Resources */,
				25906FFED82440EAB7332EB7 /* Montserrat-LightItalic.ttf in Resources */,
				1AAB8F26658545209D17D324 /* Montserrat-Medium.ttf in Resources */,
				6AEA667F88F74A6C8065042D /* Montserrat-MediumItalic.ttf in Resources */,
				AA2391C0EA864F57BB7C0229 /* Montserrat-Regular.ttf in Resources */,
				EAE18EE5CB95421A8260E416 /* Montserrat-SemiBold.ttf in Resources */,
				FCCC1F6362A84D96AF073F14 /* Montserrat-SemiBoldItalic.ttf in Resources */,
				81A69AAFE9C64CCBA575D01E /* Montserrat-Thin.ttf in Resources */,
				21DBEE4FD9DB4282A113B011 /* Montserrat-ThinItalic.ttf in Resources */,
				BEA762337D91465AA1E25FAB /* OpenSans-Bold.ttf in Resources */,
				01B97A81C1AA43D7AD07F953 /* OpenSans-BoldItalic.ttf in Resources */,
				E2C0857A881E49C9A0B7430A /* OpenSans-CondLight.ttf in Resources */,
				5985C885EAFD4A139D943679 /* OpenSans-ExtraBold.ttf in Resources */,
				3CDFCA62A9614802A13C0DF8 /* OpenSans-ExtraBoldItalic.ttf in Resources */,
				3C2B6606547F434294D599C6 /* OpenSans-Italic.ttf in Resources */,
				813FEA9D4E0C4511906E26D4 /* OpenSans-Light.ttf in Resources */,
				FFA93FF7DAC24858B1BEF95F /* OpenSans-LightItalic.ttf in Resources */,
				36313EB42D7843A9A4A13FD9 /* OpenSans-Regular.ttf in Resources */,
				8BADC3F2CBA248CBBE68884C /* OpenSans-Semibold.ttf in Resources */,
				F513BEDC62104EECBAD96C65 /* OpenSans-SemiboldItalic_0.ttf in Resources */,
				AD1477A603C245C4B148AD57 /* Poppins-Black.ttf in Resources */,
				7257E66F21964BAAB047CBCD /* Poppins-BlackItalic.ttf in Resources */,
				86F4553EF2014881AC97EE27 /* Poppins-Bold.ttf in Resources */,
				6DD098F477524A49BA981791 /* Poppins-BoldItalic.ttf in Resources */,
				BFC857516BD94FF3A6648F34 /* Poppins-ExtraBold.ttf in Resources */,
				063695813EE14AD9A0700207 /* Poppins-ExtraBoldItalic.ttf in Resources */,
				5F9B366E8752470B81D4F223 /* Poppins-ExtraLight.ttf in Resources */,
				779AF616982C47DE84A9EFD1 /* Poppins-ExtraLightItalic.ttf in Resources */,
				393FE84B6AAE4357876F6051 /* Poppins-Italic.ttf in Resources */,
				50ED6373E79E4A36BE166258 /* Poppins-Light.ttf in Resources */,
				CA0C8542CD524E57904FDE6E /* Poppins-LightItalic.ttf in Resources */,
				6A66D04039694DE4BFBF7B32 /* Poppins-Medium.ttf in Resources */,
				B5516B3F034A43878232E741 /* Poppins-MediumItalic.ttf in Resources */,
				2F2790895DB44BC3AD2FAE28 /* Poppins-Regular.ttf in Resources */,
				C428734544CD4D62A681DECB /* Poppins-SemiBold.ttf in Resources */,
				E2A6C6985DE0491C9E81D6A2 /* Poppins-SemiBoldItalic.ttf in Resources */,
				C1A98843BF9A419D9521BB16 /* Poppins-Thin.ttf in Resources */,
				DBDDDF2CF5774B2EBDFC7B56 /* Poppins-ThinItalic.ttf in Resources */,
				DE78EE3E95A848908E1350F3 /* Schoolbell-pMMy.ttf in Resources */,
				07600C60E1D04E6A835AC16E /* opensans-condbold-webfont.ttf in Resources */,
			);
			runOnlyForDeploymentPostprocessing = 0;
		};
/* End PBXResourcesBuildPhase section */

/* Begin PBXShellScriptBuildPhase section */
		00DD1BFF1BD5951E006B06BC /* Bundle React Native code and images */ = {
			isa = PBXShellScriptBuildPhase;
			buildActionMask = 2147483647;
			files = (
			);
			inputPaths = (
				"$(SRCROOT)/.xcode.env.local",
				"$(SRCROOT)/.xcode.env",
			);
			name = "Bundle React Native code and images";
			outputPaths = (
			);
			runOnlyForDeploymentPostprocessing = 0;
			shellPath = /bin/sh;
			shellScript = "set -e\n\nWITH_ENVIRONMENT=\"../node_modules/react-native/scripts/xcode/with-environment.sh\"\nREACT_NATIVE_XCODE=\"../node_modules/react-native/scripts/react-native-xcode.sh\"\n\n/bin/sh -c \"$WITH_ENVIRONMENT $REACT_NATIVE_XCODE\"\n";
		};
		00EEFC60759A1932668264C0 /* [CP] Embed Pods Frameworks */ = {
			isa = PBXShellScriptBuildPhase;
			buildActionMask = 2147483647;
			files = (
			);
			inputFileListPaths = (
				"${PODS_ROOT}/Target Support Files/Pods-RNTemplate3B2CommonPods-RNTemplate3B2/Pods-RNTemplate3B2CommonPods-RNTemplate3B2-frameworks-${CONFIGURATION}-input-files.xcfilelist",
			);
			name = "[CP] Embed Pods Frameworks";
			outputFileListPaths = (
				"${PODS_ROOT}/Target Support Files/Pods-RNTemplate3B2CommonPods-RNTemplate3B2/Pods-RNTemplate3B2CommonPods-RNTemplate3B2-frameworks-${CONFIGURATION}-output-files.xcfilelist",
			);
			runOnlyForDeploymentPostprocessing = 0;
			shellPath = /bin/sh;
			shellScript = "\"${PODS_ROOT}/Target Support Files/Pods-RNTemplate3B2CommonPods-RNTemplate3B2/Pods-RNTemplate3B2CommonPods-RNTemplate3B2-frameworks.sh\"\n";
			showEnvVarsInLog = 0;
		};
		04F1BE9D2A9F6C0C0035C09D /* [CP] Check Pods Manifest.lock */ = {
			isa = PBXShellScriptBuildPhase;
			buildActionMask = 2147483647;
			files = (
			);
			inputFileListPaths = (
			);
			inputPaths = (
				"${PODS_PODFILE_DIR_PATH}/Podfile.lock",
				"${PODS_ROOT}/Manifest.lock",
			);
			name = "[CP] Check Pods Manifest.lock";
			outputFileListPaths = (
			);
			outputPaths = (
				"$(DERIVED_FILE_DIR)/Pods-RNTemplate3B2CommonPods-RNTemplate3B2Dev-checkManifestLockResult.txt",
			);
			runOnlyForDeploymentPostprocessing = 0;
			shellPath = /bin/sh;
			shellScript = "diff \"${PODS_PODFILE_DIR_PATH}/Podfile.lock\" \"${PODS_ROOT}/Manifest.lock\" > /dev/null\nif [ $? != 0 ] ; then\n    # print error to STDERR\n    echo \"error: The sandbox is not in sync with the Podfile.lock. Run 'pod install' or update your CocoaPods installation.\" >&2\n    exit 1\nfi\n# This output is used by Xcode 'outputs' to avoid re-running this script phase.\necho \"SUCCESS\" > \"${SCRIPT_OUTPUT_FILE_0}\"\n";
			showEnvVarsInLog = 0;
		};
		04F1BE9E2A9F6C0C0035C09D /* Start Packager */ = {
			isa = PBXShellScriptBuildPhase;
			buildActionMask = 2147483647;
			files = (
			);
			inputFileListPaths = (
			);
			inputPaths = (
			);
			name = "Start Packager";
			outputFileListPaths = (
			);
			outputPaths = (
			);
			runOnlyForDeploymentPostprocessing = 0;
			shellPath = /bin/sh;
			shellScript = "export RCT_METRO_PORT=\"${RCT_METRO_PORT:=8081}\"\necho \"export RCT_METRO_PORT=${RCT_METRO_PORT}\" > \"${SRCROOT}/../node_modules/react-native/scripts/.packager.env\"\nif [ -z \"${RCT_NO_LAUNCH_PACKAGER+xxx}\" ] ; then\n  if nc -w 5 -z localhost ${RCT_METRO_PORT} ; then\n    if ! curl -s \"http://localhost:${RCT_METRO_PORT}/status\" | grep -q \"packager-status:running\" ; then\n      echo \"Port ${RCT_METRO_PORT} already in use, packager is either not running or not running correctly\"\n      exit 2\n    fi\n  else\n    open \"$SRCROOT/../node_modules/react-native/scripts/launchPackager.command\" || echo \"Can't start packager automatically\"\n  fi\nfi\n";
			showEnvVarsInLog = 0;
		};
		04F1BEA72A9F6C0C0035C09D /* Bundle React Native code and images */ = {
			isa = PBXShellScriptBuildPhase;
			buildActionMask = 2147483647;
			files = (
			);
			inputPaths = (
				"$(SRCROOT)/.xcode.env.local",
				"$(SRCROOT)/.xcode.env",
			);
			name = "Bundle React Native code and images";
			outputPaths = (
			);
			runOnlyForDeploymentPostprocessing = 0;
			shellPath = /bin/sh;
			shellScript = "set -e\n\nWITH_ENVIRONMENT=\"../node_modules/react-native/scripts/xcode/with-environment.sh\"\nREACT_NATIVE_XCODE=\"../node_modules/react-native/scripts/react-native-xcode.sh\"\n\n/bin/sh -c \"$WITH_ENVIRONMENT $REACT_NATIVE_XCODE\"\n";
		};
		04F1BEA82A9F6C0C0035C09D /* [CP] Embed Pods Frameworks */ = {
			isa = PBXShellScriptBuildPhase;
			buildActionMask = 2147483647;
			files = (
			);
			inputFileListPaths = (
				"${PODS_ROOT}/Target Support Files/Pods-RNTemplate3B2CommonPods-RNTemplate3B2Dev/Pods-RNTemplate3B2CommonPods-RNTemplate3B2Dev-frameworks-${CONFIGURATION}-input-files.xcfilelist",
			);
			name = "[CP] Embed Pods Frameworks";
			outputFileListPaths = (
				"${PODS_ROOT}/Target Support Files/Pods-RNTemplate3B2CommonPods-RNTemplate3B2Dev/Pods-RNTemplate3B2CommonPods-RNTemplate3B2Dev-frameworks-${CONFIGURATION}-output-files.xcfilelist",
			);
			runOnlyForDeploymentPostprocessing = 0;
			shellPath = /bin/sh;
			shellScript = "\"${PODS_ROOT}/Target Support Files/Pods-RNTemplate3B2CommonPods-RNTemplate3B2Dev/Pods-RNTemplate3B2CommonPods-RNTemplate3B2Dev-frameworks.sh\"\n";
			showEnvVarsInLog = 0;
		};
		04F1BEA92A9F6C0C0035C09D /* [CP] Copy Pods Resources */ = {
			isa = PBXShellScriptBuildPhase;
			buildActionMask = 2147483647;
			files = (
			);
			inputFileListPaths = (
				"${PODS_ROOT}/Target Support Files/Pods-RNTemplate3B2CommonPods-RNTemplate3B2Dev/Pods-RNTemplate3B2CommonPods-RNTemplate3B2Dev-resources-${CONFIGURATION}-input-files.xcfilelist",
			);
			name = "[CP] Copy Pods Resources";
			outputFileListPaths = (
				"${PODS_ROOT}/Target Support Files/Pods-RNTemplate3B2CommonPods-RNTemplate3B2Dev/Pods-RNTemplate3B2CommonPods-RNTemplate3B2Dev-resources-${CONFIGURATION}-output-files.xcfilelist",
			);
			runOnlyForDeploymentPostprocessing = 0;
			shellPath = /bin/sh;
			shellScript = "\"${PODS_ROOT}/Target Support Files/Pods-RNTemplate3B2CommonPods-RNTemplate3B2Dev/Pods-RNTemplate3B2CommonPods-RNTemplate3B2Dev-resources.sh\"\n";
			showEnvVarsInLog = 0;
		};
		04F1BEB02A9F6C100035C09D /* [CP] Check Pods Manifest.lock */ = {
			isa = PBXShellScriptBuildPhase;
			buildActionMask = 2147483647;
			files = (
			);
			inputFileListPaths = (
			);
			inputPaths = (
				"${PODS_PODFILE_DIR_PATH}/Podfile.lock",
				"${PODS_ROOT}/Manifest.lock",
			);
			name = "[CP] Check Pods Manifest.lock";
			outputFileListPaths = (
			);
			outputPaths = (
				"$(DERIVED_FILE_DIR)/Pods-RNTemplate3B2CommonPods-RNTemplate3B2Stg-checkManifestLockResult.txt",
			);
			runOnlyForDeploymentPostprocessing = 0;
			shellPath = /bin/sh;
			shellScript = "diff \"${PODS_PODFILE_DIR_PATH}/Podfile.lock\" \"${PODS_ROOT}/Manifest.lock\" > /dev/null\nif [ $? != 0 ] ; then\n    # print error to STDERR\n    echo \"error: The sandbox is not in sync with the Podfile.lock. Run 'pod install' or update your CocoaPods installation.\" >&2\n    exit 1\nfi\n# This output is used by Xcode 'outputs' to avoid re-running this script phase.\necho \"SUCCESS\" > \"${SCRIPT_OUTPUT_FILE_0}\"\n";
			showEnvVarsInLog = 0;
		};
		04F1BEB12A9F6C100035C09D /* Start Packager */ = {
			isa = PBXShellScriptBuildPhase;
			buildActionMask = 2147483647;
			files = (
			);
			inputFileListPaths = (
			);
			inputPaths = (
			);
			name = "Start Packager";
			outputFileListPaths = (
			);
			outputPaths = (
			);
			runOnlyForDeploymentPostprocessing = 0;
			shellPath = /bin/sh;
			shellScript = "export RCT_METRO_PORT=\"${RCT_METRO_PORT:=8081}\"\necho \"export RCT_METRO_PORT=${RCT_METRO_PORT}\" > \"${SRCROOT}/../node_modules/react-native/scripts/.packager.env\"\nif [ -z \"${RCT_NO_LAUNCH_PACKAGER+xxx}\" ] ; then\n  if nc -w 5 -z localhost ${RCT_METRO_PORT} ; then\n    if ! curl -s \"http://localhost:${RCT_METRO_PORT}/status\" | grep -q \"packager-status:running\" ; then\n      echo \"Port ${RCT_METRO_PORT} already in use, packager is either not running or not running correctly\"\n      exit 2\n    fi\n  else\n    open \"$SRCROOT/../node_modules/react-native/scripts/launchPackager.command\" || echo \"Can't start packager automatically\"\n  fi\nfi\n";
			showEnvVarsInLog = 0;
		};
		04F1BEBA2A9F6C100035C09D /* Bundle React Native code and images */ = {
			isa = PBXShellScriptBuildPhase;
			buildActionMask = 2147483647;
			files = (
			);
			inputPaths = (
				"$(SRCROOT)/.xcode.env.local",
				"$(SRCROOT)/.xcode.env",
			);
			name = "Bundle React Native code and images";
			outputPaths = (
			);
			runOnlyForDeploymentPostprocessing = 0;
			shellPath = /bin/sh;
			shellScript = "set -e\n\nWITH_ENVIRONMENT=\"../node_modules/react-native/scripts/xcode/with-environment.sh\"\nREACT_NATIVE_XCODE=\"../node_modules/react-native/scripts/react-native-xcode.sh\"\n\n/bin/sh -c \"$WITH_ENVIRONMENT $REACT_NATIVE_XCODE\"\n";
		};
		04F1BEBB2A9F6C100035C09D /* [CP] Embed Pods Frameworks */ = {
			isa = PBXShellScriptBuildPhase;
			buildActionMask = 2147483647;
			files = (
			);
			inputFileListPaths = (
				"${PODS_ROOT}/Target Support Files/Pods-RNTemplate3B2CommonPods-RNTemplate3B2Stg/Pods-RNTemplate3B2CommonPods-RNTemplate3B2Stg-frameworks-${CONFIGURATION}-input-files.xcfilelist",
			);
			name = "[CP] Embed Pods Frameworks";
			outputFileListPaths = (
				"${PODS_ROOT}/Target Support Files/Pods-RNTemplate3B2CommonPods-RNTemplate3B2Stg/Pods-RNTemplate3B2CommonPods-RNTemplate3B2Stg-frameworks-${CONFIGURATION}-output-files.xcfilelist",
			);
			runOnlyForDeploymentPostprocessing = 0;
			shellPath = /bin/sh;
			shellScript = "\"${PODS_ROOT}/Target Support Files/Pods-RNTemplate3B2CommonPods-RNTemplate3B2Stg/Pods-RNTemplate3B2CommonPods-RNTemplate3B2Stg-frameworks.sh\"\n";
			showEnvVarsInLog = 0;
		};
		04F1BEBC2A9F6C100035C09D /* [CP] Copy Pods Resources */ = {
			isa = PBXShellScriptBuildPhase;
			buildActionMask = 2147483647;
			files = (
			);
			inputFileListPaths = (
				"${PODS_ROOT}/Target Support Files/Pods-RNTemplate3B2CommonPods-RNTemplate3B2Stg/Pods-RNTemplate3B2CommonPods-RNTemplate3B2Stg-resources-${CONFIGURATION}-input-files.xcfilelist",
			);
			name = "[CP] Copy Pods Resources";
			outputFileListPaths = (
				"${PODS_ROOT}/Target Support Files/Pods-RNTemplate3B2CommonPods-RNTemplate3B2Stg/Pods-RNTemplate3B2CommonPods-RNTemplate3B2Stg-resources-${CONFIGURATION}-output-files.xcfilelist",
			);
			runOnlyForDeploymentPostprocessing = 0;
			shellPath = /bin/sh;
			shellScript = "\"${PODS_ROOT}/Target Support Files/Pods-RNTemplate3B2CommonPods-RNTemplate3B2Stg/Pods-RNTemplate3B2CommonPods-RNTemplate3B2Stg-resources.sh\"\n";
			showEnvVarsInLog = 0;
		};
		A55EABD7B0C7F3A422A6CC61 /* [CP] Check Pods Manifest.lock */ = {
			isa = PBXShellScriptBuildPhase;
			buildActionMask = 2147483647;
			files = (
			);
			inputFileListPaths = (
			);
			inputPaths = (
				"${PODS_PODFILE_DIR_PATH}/Podfile.lock",
				"${PODS_ROOT}/Manifest.lock",
			);
			name = "[CP] Check Pods Manifest.lock";
			outputFileListPaths = (
			);
			outputPaths = (
				"$(DERIVED_FILE_DIR)/Pods-RNTemplate3B2CommonPods-RNTemplate3B2Tests-checkManifestLockResult.txt",
			);
			runOnlyForDeploymentPostprocessing = 0;
			shellPath = /bin/sh;
			shellScript = "diff \"${PODS_PODFILE_DIR_PATH}/Podfile.lock\" \"${PODS_ROOT}/Manifest.lock\" > /dev/null\nif [ $? != 0 ] ; then\n    # print error to STDERR\n    echo \"error: The sandbox is not in sync with the Podfile.lock. Run 'pod install' or update your CocoaPods installation.\" >&2\n    exit 1\nfi\n# This output is used by Xcode 'outputs' to avoid re-running this script phase.\necho \"SUCCESS\" > \"${SCRIPT_OUTPUT_FILE_0}\"\n";
			showEnvVarsInLog = 0;
		};
		C38B50BA6285516D6DCD4F65 /* [CP] Check Pods Manifest.lock */ = {
			isa = PBXShellScriptBuildPhase;
			buildActionMask = 2147483647;
			files = (
			);
			inputFileListPaths = (
			);
			inputPaths = (
				"${PODS_PODFILE_DIR_PATH}/Podfile.lock",
				"${PODS_ROOT}/Manifest.lock",
			);
			name = "[CP] Check Pods Manifest.lock";
			outputFileListPaths = (
			);
			outputPaths = (
				"$(DERIVED_FILE_DIR)/Pods-RNTemplate3B2CommonPods-RNTemplate3B2-checkManifestLockResult.txt",
			);
			runOnlyForDeploymentPostprocessing = 0;
			shellPath = /bin/sh;
			shellScript = "diff \"${PODS_PODFILE_DIR_PATH}/Podfile.lock\" \"${PODS_ROOT}/Manifest.lock\" > /dev/null\nif [ $? != 0 ] ; then\n    # print error to STDERR\n    echo \"error: The sandbox is not in sync with the Podfile.lock. Run 'pod install' or update your CocoaPods installation.\" >&2\n    exit 1\nfi\n# This output is used by Xcode 'outputs' to avoid re-running this script phase.\necho \"SUCCESS\" > \"${SCRIPT_OUTPUT_FILE_0}\"\n";
			showEnvVarsInLog = 0;
		};
		C59DA0FBD6956966B86A3779 /* [CP] Embed Pods Frameworks */ = {
			isa = PBXShellScriptBuildPhase;
			buildActionMask = 2147483647;
			files = (
			);
			inputFileListPaths = (
				"${PODS_ROOT}/Target Support Files/Pods-RNTemplate3B2CommonPods-RNTemplate3B2Tests/Pods-RNTemplate3B2CommonPods-RNTemplate3B2Tests-frameworks-${CONFIGURATION}-input-files.xcfilelist",
			);
			name = "[CP] Embed Pods Frameworks";
			outputFileListPaths = (
				"${PODS_ROOT}/Target Support Files/Pods-RNTemplate3B2CommonPods-RNTemplate3B2Tests/Pods-RNTemplate3B2CommonPods-RNTemplate3B2Tests-frameworks-${CONFIGURATION}-output-files.xcfilelist",
			);
			runOnlyForDeploymentPostprocessing = 0;
			shellPath = /bin/sh;
			shellScript = "\"${PODS_ROOT}/Target Support Files/Pods-RNTemplate3B2CommonPods-RNTemplate3B2Tests/Pods-RNTemplate3B2CommonPods-RNTemplate3B2Tests-frameworks.sh\"\n";
			showEnvVarsInLog = 0;
		};
		E235C05ADACE081382539298 /* [CP] Copy Pods Resources */ = {
			isa = PBXShellScriptBuildPhase;
			buildActionMask = 2147483647;
			files = (
			);
			inputFileListPaths = (
				"${PODS_ROOT}/Target Support Files/Pods-RNTemplate3B2CommonPods-RNTemplate3B2/Pods-RNTemplate3B2CommonPods-RNTemplate3B2-resources-${CONFIGURATION}-input-files.xcfilelist",
			);
			name = "[CP] Copy Pods Resources";
			outputFileListPaths = (
				"${PODS_ROOT}/Target Support Files/Pods-RNTemplate3B2CommonPods-RNTemplate3B2/Pods-RNTemplate3B2CommonPods-RNTemplate3B2-resources-${CONFIGURATION}-output-files.xcfilelist",
			);
			runOnlyForDeploymentPostprocessing = 0;
			shellPath = /bin/sh;
			shellScript = "\"${PODS_ROOT}/Target Support Files/Pods-RNTemplate3B2CommonPods-RNTemplate3B2/Pods-RNTemplate3B2CommonPods-RNTemplate3B2-resources.sh\"\n";
			showEnvVarsInLog = 0;
		};
		F6A41C54EA430FDDC6A6ED99 /* [CP] Copy Pods Resources */ = {
			isa = PBXShellScriptBuildPhase;
			buildActionMask = 2147483647;
			files = (
			);
			inputFileListPaths = (
				"${PODS_ROOT}/Target Support Files/Pods-RNTemplate3B2CommonPods-RNTemplate3B2Tests/Pods-RNTemplate3B2CommonPods-RNTemplate3B2Tests-resources-${CONFIGURATION}-input-files.xcfilelist",
			);
			name = "[CP] Copy Pods Resources";
			outputFileListPaths = (
				"${PODS_ROOT}/Target Support Files/Pods-RNTemplate3B2CommonPods-RNTemplate3B2Tests/Pods-RNTemplate3B2CommonPods-RNTemplate3B2Tests-resources-${CONFIGURATION}-output-files.xcfilelist",
			);
			runOnlyForDeploymentPostprocessing = 0;
			shellPath = /bin/sh;
			shellScript = "\"${PODS_ROOT}/Target Support Files/Pods-RNTemplate3B2CommonPods-RNTemplate3B2Tests/Pods-RNTemplate3B2CommonPods-RNTemplate3B2Tests-resources.sh\"\n";
			showEnvVarsInLog = 0;
		};
		FD10A7F022414F080027D42C /* Start Packager */ = {
			isa = PBXShellScriptBuildPhase;
			buildActionMask = 2147483647;
			files = (
			);
			inputFileListPaths = (
			);
			inputPaths = (
			);
			name = "Start Packager";
			outputFileListPaths = (
			);
			outputPaths = (
			);
			runOnlyForDeploymentPostprocessing = 0;
			shellPath = /bin/sh;
			shellScript = "export RCT_METRO_PORT=\"${RCT_METRO_PORT:=8081}\"\necho \"export RCT_METRO_PORT=${RCT_METRO_PORT}\" > \"${SRCROOT}/../node_modules/react-native/scripts/.packager.env\"\nif [ -z \"${RCT_NO_LAUNCH_PACKAGER+xxx}\" ] ; then\n  if nc -w 5 -z localhost ${RCT_METRO_PORT} ; then\n    if ! curl -s \"http://localhost:${RCT_METRO_PORT}/status\" | grep -q \"packager-status:running\" ; then\n      echo \"Port ${RCT_METRO_PORT} already in use, packager is either not running or not running correctly\"\n      exit 2\n    fi\n  else\n    open \"$SRCROOT/../node_modules/react-native/scripts/launchPackager.command\" || echo \"Can't start packager automatically\"\n  fi\nfi\n";
			showEnvVarsInLog = 0;
		};
/* End PBXShellScriptBuildPhase section */

/* Begin PBXSourcesBuildPhase section */
		00E356EA1AD99517003FC87E /* Sources */ = {
			isa = PBXSourcesBuildPhase;
			buildActionMask = 2147483647;
			files = (
				00E356F31AD99517003FC87E /* RNTemplate3B2Tests.m in Sources */,
			);
			runOnlyForDeploymentPostprocessing = 0;
		};
		04F1BE9F2A9F6C0C0035C09D /* Sources */ = {
			isa = PBXSourcesBuildPhase;
			buildActionMask = 2147483647;
			files = (
				041D36572AAA03DA0006DCB6 /* RCTCalendarModule.m in Sources */,
				04F1BEA02A9F6C0C0035C09D /* AppDelegate.mm in Sources */,
				04F1BEA12A9F6C0C0035C09D /* main.m in Sources */,
			);
			runOnlyForDeploymentPostprocessing = 0;
		};
		04F1BEB22A9F6C100035C09D /* Sources */ = {
			isa = PBXSourcesBuildPhase;
			buildActionMask = 2147483647;
			files = (
				041D36582AAA03DA0006DCB6 /* RCTCalendarModule.m in Sources */,
				04F1BEB32A9F6C100035C09D /* AppDelegate.mm in Sources */,
				04F1BEB42A9F6C100035C09D /* main.m in Sources */,
			);
			runOnlyForDeploymentPostprocessing = 0;
		};
		13B07F871A680F5B00A75B9A /* Sources */ = {
			isa = PBXSourcesBuildPhase;
			buildActionMask = 2147483647;
			files = (
				041D36562AAA03DA0006DCB6 /* RCTCalendarModule.m in Sources */,
				13B07FBC1A68108700A75B9A /* AppDelegate.mm in Sources */,
				13B07FC11A68108700A75B9A /* main.m in Sources */,
			);
			runOnlyForDeploymentPostprocessing = 0;
		};
/* End PBXSourcesBuildPhase section */

/* Begin PBXTargetDependency section */
		00E356F51AD99517003FC87E /* PBXTargetDependency */ = {
			isa = PBXTargetDependency;
			target = 13B07F861A680F5B00A75B9A /* RNTemplate3B2 */;
			targetProxy = 00E356F41AD99517003FC87E /* PBXContainerItemProxy */;
		};
/* End PBXTargetDependency section */

/* Begin XCBuildConfiguration section */
		00E356F61AD99517003FC87E /* Debug */ = {
			isa = XCBuildConfiguration;
			baseConfigurationReference = D9EFE615CE1E5547978AAADD /* Pods-RNTemplate3B2CommonPods-RNTemplate3B2Tests.debug.xcconfig */;
			buildSettings = {
				BUNDLE_LOADER = "$(TEST_HOST)";
				GCC_PREPROCESSOR_DEFINITIONS = (
					"DEBUG=1",
					"$(inherited)",
				);
				INFOPLIST_FILE = RNTemplate3B2Tests/Info.plist;
				IPHONEOS_DEPLOYMENT_TARGET = 12.4;
				LD_RUNPATH_SEARCH_PATHS = (
					"$(inherited)",
					"@executable_path/Frameworks",
					"@loader_path/Frameworks",
				);
				OTHER_LDFLAGS = (
					"-ObjC",
					"-lc++",
					"$(inherited)",
				);
				PRODUCT_BUNDLE_IDENTIFIER = "org.reactjs.native.example.$(PRODUCT_NAME:rfc1034identifier)";
				PRODUCT_NAME = "$(TARGET_NAME)";
				TEST_HOST = "$(BUILT_PRODUCTS_DIR)/RNTemplate3B2.app/RNTemplate3B2";
			};
			name = Debug;
		};
		00E356F71AD99517003FC87E /* Release */ = {
			isa = XCBuildConfiguration;
			baseConfigurationReference = C442E24C7EDF0F291F9E7FFD /* Pods-RNTemplate3B2CommonPods-RNTemplate3B2Tests.release.xcconfig */;
			buildSettings = {
				BUNDLE_LOADER = "$(TEST_HOST)";
				COPY_PHASE_STRIP = NO;
				INFOPLIST_FILE = RNTemplate3B2Tests/Info.plist;
				IPHONEOS_DEPLOYMENT_TARGET = 12.4;
				LD_RUNPATH_SEARCH_PATHS = (
					"$(inherited)",
					"@executable_path/Frameworks",
					"@loader_path/Frameworks",
				);
				OTHER_LDFLAGS = (
					"-ObjC",
					"-lc++",
					"$(inherited)",
				);
				PRODUCT_BUNDLE_IDENTIFIER = "org.reactjs.native.example.$(PRODUCT_NAME:rfc1034identifier)";
				PRODUCT_NAME = "$(TARGET_NAME)";
				TEST_HOST = "$(BUILT_PRODUCTS_DIR)/RNTemplate3B2.app/RNTemplate3B2";
			};
			name = Release;
		};
		04F1BEAB2A9F6C0C0035C09D /* Debug */ = {
			isa = XCBuildConfiguration;
			baseConfigurationReference = 9DFFDEB4CD5B94B590F92FA3 /* Pods-RNTemplate3B2CommonPods-RNTemplate3B2Dev.debug.xcconfig */;
			buildSettings = {
				ASSETCATALOG_COMPILER_APPICON_NAME = AppIcon;
				CLANG_ENABLE_MODULES = YES;
				CURRENT_PROJECT_VERSION = 1;
				ENABLE_BITCODE = NO;
				INFOPLIST_FILE = "RNTemplate3B2Dev-Info.plist";
				INFOPLIST_KEY_CFBundleDisplayName = "RNT3B2 Dev";
				LD_RUNPATH_SEARCH_PATHS = (
					"$(inherited)",
					"@executable_path/Frameworks",
				);
				MARKETING_VERSION = 1.0;
				OTHER_LDFLAGS = (
					"$(inherited)",
					"-ObjC",
					"-lc++",
				);
				PRODUCT_BUNDLE_IDENTIFIER = "org.reactjs.native.example.$(PRODUCT_NAME:rfc1034identifier)";
				PRODUCT_NAME = "$(TARGET_NAME)";
				SWIFT_OPTIMIZATION_LEVEL = "-Onone";
				SWIFT_VERSION = 5.0;
				VERSIONING_SYSTEM = "apple-generic";
			};
			name = Debug;
		};
		04F1BEAC2A9F6C0C0035C09D /* Release */ = {
			isa = XCBuildConfiguration;
			baseConfigurationReference = 2A7E941C4B489F2116060B07 /* Pods-RNTemplate3B2CommonPods-RNTemplate3B2Dev.release.xcconfig */;
			buildSettings = {
				ASSETCATALOG_COMPILER_APPICON_NAME = AppIcon;
				CLANG_ENABLE_MODULES = YES;
				CURRENT_PROJECT_VERSION = 1;
				INFOPLIST_FILE = "RNTemplate3B2Dev-Info.plist";
				INFOPLIST_KEY_CFBundleDisplayName = "RNT3B2 Dev";
				LD_RUNPATH_SEARCH_PATHS = (
					"$(inherited)",
					"@executable_path/Frameworks",
				);
				MARKETING_VERSION = 1.0;
				OTHER_LDFLAGS = (
					"$(inherited)",
					"-ObjC",
					"-lc++",
				);
				PRODUCT_BUNDLE_IDENTIFIER = "org.reactjs.native.example.$(PRODUCT_NAME:rfc1034identifier)";
				PRODUCT_NAME = "$(TARGET_NAME)";
				SWIFT_VERSION = 5.0;
				VERSIONING_SYSTEM = "apple-generic";
			};
			name = Release;
		};
		04F1BEBE2A9F6C100035C09D /* Debug */ = {
			isa = XCBuildConfiguration;
			baseConfigurationReference = BD64B1FBAF68168319EB163A /* Pods-RNTemplate3B2CommonPods-RNTemplate3B2Stg.debug.xcconfig */;
			buildSettings = {
				ASSETCATALOG_COMPILER_APPICON_NAME = AppIcon;
				CLANG_ENABLE_MODULES = YES;
				CURRENT_PROJECT_VERSION = 1;
				ENABLE_BITCODE = NO;
				INFOPLIST_FILE = "RNTemplate3B2Stg-Info.plist";
				INFOPLIST_KEY_CFBundleDisplayName = "RNT3B2 Stg";
				LD_RUNPATH_SEARCH_PATHS = (
					"$(inherited)",
					"@executable_path/Frameworks",
				);
				MARKETING_VERSION = 1.0;
				OTHER_LDFLAGS = (
					"$(inherited)",
					"-ObjC",
					"-lc++",
				);
				PRODUCT_BUNDLE_IDENTIFIER = "org.reactjs.native.example.$(PRODUCT_NAME:rfc1034identifier)";
				PRODUCT_NAME = "$(TARGET_NAME)";
				SWIFT_OPTIMIZATION_LEVEL = "-Onone";
				SWIFT_VERSION = 5.0;
				VERSIONING_SYSTEM = "apple-generic";
			};
			name = Debug;
		};
		04F1BEBF2A9F6C100035C09D /* Release */ = {
			isa = XCBuildConfiguration;
			baseConfigurationReference = 68039551774E4F0EA6C4E882 /* Pods-RNTemplate3B2CommonPods-RNTemplate3B2Stg.release.xcconfig */;
			buildSettings = {
				ASSETCATALOG_COMPILER_APPICON_NAME = AppIcon;
				CLANG_ENABLE_MODULES = YES;
				CURRENT_PROJECT_VERSION = 1;
				INFOPLIST_FILE = "RNTemplate3B2Stg-Info.plist";
				INFOPLIST_KEY_CFBundleDisplayName = "RNT3B2 Stg";
				LD_RUNPATH_SEARCH_PATHS = (
					"$(inherited)",
					"@executable_path/Frameworks",
				);
				MARKETING_VERSION = 1.0;
				OTHER_LDFLAGS = (
					"$(inherited)",
					"-ObjC",
					"-lc++",
				);
				PRODUCT_BUNDLE_IDENTIFIER = "org.reactjs.native.example.$(PRODUCT_NAME:rfc1034identifier)";
				PRODUCT_NAME = "$(TARGET_NAME)";
				SWIFT_VERSION = 5.0;
				VERSIONING_SYSTEM = "apple-generic";
			};
			name = Release;
		};
		13B07F941A680F5B00A75B9A /* Debug */ = {
			isa = XCBuildConfiguration;
			baseConfigurationReference = 31F769BF758B0312F039F4A4 /* Pods-RNTemplate3B2CommonPods-RNTemplate3B2.debug.xcconfig */;
			buildSettings = {
				ASSETCATALOG_COMPILER_APPICON_NAME = AppIcon;
				CLANG_ENABLE_MODULES = YES;
				CURRENT_PROJECT_VERSION = 1;
				ENABLE_BITCODE = NO;
				INFOPLIST_FILE = RNTemplate3B2/Info.plist;
				INFOPLIST_KEY_CFBundleDisplayName = RNT3B2;
				LD_RUNPATH_SEARCH_PATHS = (
					"$(inherited)",
					"@executable_path/Frameworks",
				);
				MARKETING_VERSION = 1.0;
				OTHER_LDFLAGS = (
					"$(inherited)",
					"-ObjC",
					"-lc++",
				);
				PRODUCT_BUNDLE_IDENTIFIER = "org.reactjs.native.example.$(PRODUCT_NAME:rfc1034identifier)";
				PRODUCT_NAME = RNTemplate3B2;
				SWIFT_OPTIMIZATION_LEVEL = "-Onone";
				SWIFT_VERSION = 5.0;
				VERSIONING_SYSTEM = "apple-generic";
			};
			name = Debug;
		};
		13B07F951A680F5B00A75B9A /* Release */ = {
			isa = XCBuildConfiguration;
			baseConfigurationReference = 64D906769445AE58A558E9F7 /* Pods-RNTemplate3B2CommonPods-RNTemplate3B2.release.xcconfig */;
			buildSettings = {
				ASSETCATALOG_COMPILER_APPICON_NAME = AppIcon;
				CLANG_ENABLE_MODULES = YES;
				CURRENT_PROJECT_VERSION = 1;
				INFOPLIST_FILE = RNTemplate3B2/Info.plist;
				INFOPLIST_KEY_CFBundleDisplayName = RNT3B2;
				LD_RUNPATH_SEARCH_PATHS = (
					"$(inherited)",
					"@executable_path/Frameworks",
				);
				MARKETING_VERSION = 1.0;
				OTHER_LDFLAGS = (
					"$(inherited)",
					"-ObjC",
					"-lc++",
				);
				PRODUCT_BUNDLE_IDENTIFIER = "org.reactjs.native.example.$(PRODUCT_NAME:rfc1034identifier)";
				PRODUCT_NAME = RNTemplate3B2;
				SWIFT_VERSION = 5.0;
				VERSIONING_SYSTEM = "apple-generic";
			};
			name = Release;
		};
		83CBBA201A601CBA00E9B192 /* Debug */ = {
			isa = XCBuildConfiguration;
			buildSettings = {
				ALWAYS_SEARCH_USER_PATHS = NO;
				CLANG_ANALYZER_LOCALIZABILITY_NONLOCALIZED = YES;
				CLANG_CXX_LANGUAGE_STANDARD = "c++17";
				CLANG_CXX_LIBRARY = "libc++";
				CLANG_ENABLE_MODULES = YES;
				CLANG_ENABLE_OBJC_ARC = YES;
				CLANG_WARN_BLOCK_CAPTURE_AUTORELEASING = YES;
				CLANG_WARN_BOOL_CONVERSION = YES;
				CLANG_WARN_COMMA = YES;
				CLANG_WARN_CONSTANT_CONVERSION = YES;
				CLANG_WARN_DEPRECATED_OBJC_IMPLEMENTATIONS = YES;
				CLANG_WARN_DIRECT_OBJC_ISA_USAGE = YES_ERROR;
				CLANG_WARN_EMPTY_BODY = YES;
				CLANG_WARN_ENUM_CONVERSION = YES;
				CLANG_WARN_INFINITE_RECURSION = YES;
				CLANG_WARN_INT_CONVERSION = YES;
				CLANG_WARN_NON_LITERAL_NULL_CONVERSION = YES;
				CLANG_WARN_OBJC_IMPLICIT_RETAIN_SELF = YES;
				CLANG_WARN_OBJC_LITERAL_CONVERSION = YES;
				CLANG_WARN_OBJC_ROOT_CLASS = YES_ERROR;
				CLANG_WARN_QUOTED_INCLUDE_IN_FRAMEWORK_HEADER = YES;
				CLANG_WARN_RANGE_LOOP_ANALYSIS = YES;
				CLANG_WARN_STRICT_PROTOTYPES = YES;
				CLANG_WARN_SUSPICIOUS_MOVE = YES;
				CLANG_WARN_UNREACHABLE_CODE = YES;
				CLANG_WARN__DUPLICATE_METHOD_MATCH = YES;
				"CODE_SIGN_IDENTITY[sdk=iphoneos*]" = "iPhone Developer";
				COPY_PHASE_STRIP = NO;
				ENABLE_STRICT_OBJC_MSGSEND = YES;
				ENABLE_TESTABILITY = YES;
				"EXCLUDED_ARCHS[sdk=iphonesimulator*]" = "";
				GCC_C_LANGUAGE_STANDARD = gnu99;
				GCC_DYNAMIC_NO_PIC = NO;
				GCC_NO_COMMON_BLOCKS = YES;
				GCC_OPTIMIZATION_LEVEL = 0;
				GCC_PREPROCESSOR_DEFINITIONS = (
					"DEBUG=1",
					"$(inherited)",
				);
				GCC_SYMBOLS_PRIVATE_EXTERN = NO;
				GCC_WARN_64_TO_32_BIT_CONVERSION = YES;
				GCC_WARN_ABOUT_RETURN_TYPE = YES_ERROR;
				GCC_WARN_UNDECLARED_SELECTOR = YES;
				GCC_WARN_UNINITIALIZED_AUTOS = YES_AGGRESSIVE;
				GCC_WARN_UNUSED_FUNCTION = YES;
				GCC_WARN_UNUSED_VARIABLE = YES;
				IPHONEOS_DEPLOYMENT_TARGET = 12.4;
				LD_RUNPATH_SEARCH_PATHS = (
					/usr/lib/swift,
					"$(inherited)",
				);
				LIBRARY_SEARCH_PATHS = (
					"\"$(SDKROOT)/usr/lib/swift\"",
					"\"$(TOOLCHAIN_DIR)/usr/lib/swift/$(PLATFORM_NAME)\"",
					"\"$(inherited)\"",
				);
				MTL_ENABLE_DEBUG_INFO = YES;
				ONLY_ACTIVE_ARCH = YES;
				OTHER_CFLAGS = "$(inherited)";
				OTHER_CPLUSPLUSFLAGS = (
					"$(OTHER_CFLAGS)",
					"-DFOLLY_NO_CONFIG",
					"-DFOLLY_MOBILE=1",
					"-DFOLLY_USE_LIBCPP=1",
				);
				REACT_NATIVE_PATH = "${PODS_ROOT}/../../node_modules/react-native";
				SDKROOT = iphoneos;
			};
			name = Debug;
		};
		83CBBA211A601CBA00E9B192 /* Release */ = {
			isa = XCBuildConfiguration;
			buildSettings = {
				ALWAYS_SEARCH_USER_PATHS = NO;
				CLANG_ANALYZER_LOCALIZABILITY_NONLOCALIZED = YES;
				CLANG_CXX_LANGUAGE_STANDARD = "c++17";
				CLANG_CXX_LIBRARY = "libc++";
				CLANG_ENABLE_MODULES = YES;
				CLANG_ENABLE_OBJC_ARC = YES;
				CLANG_WARN_BLOCK_CAPTURE_AUTORELEASING = YES;
				CLANG_WARN_BOOL_CONVERSION = YES;
				CLANG_WARN_COMMA = YES;
				CLANG_WARN_CONSTANT_CONVERSION = YES;
				CLANG_WARN_DEPRECATED_OBJC_IMPLEMENTATIONS = YES;
				CLANG_WARN_DIRECT_OBJC_ISA_USAGE = YES_ERROR;
				CLANG_WARN_EMPTY_BODY = YES;
				CLANG_WARN_ENUM_CONVERSION = YES;
				CLANG_WARN_INFINITE_RECURSION = YES;
				CLANG_WARN_INT_CONVERSION = YES;
				CLANG_WARN_NON_LITERAL_NULL_CONVERSION = YES;
				CLANG_WARN_OBJC_IMPLICIT_RETAIN_SELF = YES;
				CLANG_WARN_OBJC_LITERAL_CONVERSION = YES;
				CLANG_WARN_OBJC_ROOT_CLASS = YES_ERROR;
				CLANG_WARN_QUOTED_INCLUDE_IN_FRAMEWORK_HEADER = YES;
				CLANG_WARN_RANGE_LOOP_ANALYSIS = YES;
				CLANG_WARN_STRICT_PROTOTYPES = YES;
				CLANG_WARN_SUSPICIOUS_MOVE = YES;
				CLANG_WARN_UNREACHABLE_CODE = YES;
				CLANG_WARN__DUPLICATE_METHOD_MATCH = YES;
				"CODE_SIGN_IDENTITY[sdk=iphoneos*]" = "iPhone Developer";
				COPY_PHASE_STRIP = YES;
				ENABLE_NS_ASSERTIONS = NO;
				ENABLE_STRICT_OBJC_MSGSEND = YES;
				"EXCLUDED_ARCHS[sdk=iphonesimulator*]" = "";
				GCC_C_LANGUAGE_STANDARD = gnu99;
				GCC_NO_COMMON_BLOCKS = YES;
				GCC_WARN_64_TO_32_BIT_CONVERSION = YES;
				GCC_WARN_ABOUT_RETURN_TYPE = YES_ERROR;
				GCC_WARN_UNDECLARED_SELECTOR = YES;
				GCC_WARN_UNINITIALIZED_AUTOS = YES_AGGRESSIVE;
				GCC_WARN_UNUSED_FUNCTION = YES;
				GCC_WARN_UNUSED_VARIABLE = YES;
				IPHONEOS_DEPLOYMENT_TARGET = 12.4;
				LD_RUNPATH_SEARCH_PATHS = (
					/usr/lib/swift,
					"$(inherited)",
				);
				LIBRARY_SEARCH_PATHS = (
					"\"$(SDKROOT)/usr/lib/swift\"",
					"\"$(TOOLCHAIN_DIR)/usr/lib/swift/$(PLATFORM_NAME)\"",
					"\"$(inherited)\"",
				);
				MTL_ENABLE_DEBUG_INFO = NO;
				OTHER_CFLAGS = "$(inherited)";
				OTHER_CPLUSPLUSFLAGS = (
					"$(OTHER_CFLAGS)",
					"-DFOLLY_NO_CONFIG",
					"-DFOLLY_MOBILE=1",
					"-DFOLLY_USE_LIBCPP=1",
				);
				REACT_NATIVE_PATH = "${PODS_ROOT}/../../node_modules/react-native";
				SDKROOT = iphoneos;
				VALIDATE_PRODUCT = YES;
			};
			name = Release;
		};
/* End XCBuildConfiguration section */

/* Begin XCConfigurationList section */
		00E357021AD99517003FC87E /* Build configuration list for PBXNativeTarget "RNTemplate3B2Tests" */ = {
			isa = XCConfigurationList;
			buildConfigurations = (
				00E356F61AD99517003FC87E /* Debug */,
				00E356F71AD99517003FC87E /* Release */,
			);
			defaultConfigurationIsVisible = 0;
			defaultConfigurationName = Release;
		};
		04F1BEAA2A9F6C0C0035C09D /* Build configuration list for PBXNativeTarget "RNTemplate3B2Dev" */ = {
			isa = XCConfigurationList;
			buildConfigurations = (
				04F1BEAB2A9F6C0C0035C09D /* Debug */,
				04F1BEAC2A9F6C0C0035C09D /* Release */,
			);
			defaultConfigurationIsVisible = 0;
			defaultConfigurationName = Release;
		};
		04F1BEBD2A9F6C100035C09D /* Build configuration list for PBXNativeTarget "RNTemplate3B2Stg" */ = {
			isa = XCConfigurationList;
			buildConfigurations = (
				04F1BEBE2A9F6C100035C09D /* Debug */,
				04F1BEBF2A9F6C100035C09D /* Release */,
			);
			defaultConfigurationIsVisible = 0;
			defaultConfigurationName = Release;
		};
		13B07F931A680F5B00A75B9A /* Build configuration list for PBXNativeTarget "RNTemplate3B2" */ = {
			isa = XCConfigurationList;
			buildConfigurations = (
				13B07F941A680F5B00A75B9A /* Debug */,
				13B07F951A680F5B00A75B9A /* Release */,
			);
			defaultConfigurationIsVisible = 0;
			defaultConfigurationName = Release;
		};
		83CBB9FA1A601CBA00E9B192 /* Build configuration list for PBXProject "RNTemplate3B2" */ = {
			isa = XCConfigurationList;
			buildConfigurations = (
				83CBBA201A601CBA00E9B192 /* Debug */,
				83CBBA211A601CBA00E9B192 /* Release */,
			);
			defaultConfigurationIsVisible = 0;
			defaultConfigurationName = Release;
		};
/* End XCConfigurationList section */
	};
	rootObject = 83CBB9F71A601CBA00E9B192 /* Project object */;
}
